// !$*UTF8*$!
{
	archiveVersion = 1;
	classes = {
	};
	objectVersion = 46;
	objects = {

/* Begin PBXBuildFile section */
		D6E104C61C7320FD00049C3F /* main.m in Sources */ = {isa = PBXBuildFile; fileRef = D6E104C51C7320FD00049C3F /* main.m */; };
		D6E104C91C7320FD00049C3F /* AppDelegate.m in Sources */ = {isa = PBXBuildFile; fileRef = D6E104C81C7320FD00049C3F /* AppDelegate.m */; };
		D6E104CF1C7320FD00049C3F /* Main.storyboard in Resources */ = {isa = PBXBuildFile; fileRef = D6E104CD1C7320FD00049C3F /* Main.storyboard */; };
		D6E104D21C7320FD00049C3F /* MMD.xcdatamodeld in Sources */ = {isa = PBXBuildFile; fileRef = D6E104D01C7320FD00049C3F /* MMD.xcdatamodeld */; };
		D6E104D41C7320FD00049C3F /* Assets.xcassets in Resources */ = {isa = PBXBuildFile; fileRef = D6E104D31C7320FD00049C3F /* Assets.xcassets */; };
		D6E104D71C7320FD00049C3F /* LaunchScreen.storyboard in Resources */ = {isa = PBXBuildFile; fileRef = D6E104D51C7320FD00049C3F /* LaunchScreen.storyboard */; };
		D6E104E21C7320FD00049C3F /* MMDTests.m in Sources */ = {isa = PBXBuildFile; fileRef = D6E104E11C7320FD00049C3F /* MMDTests.m */; };
		D6E104ED1C7320FD00049C3F /* MMDUITests.m in Sources */ = {isa = PBXBuildFile; fileRef = D6E104EC1C7320FD00049C3F /* MMDUITests.m */; };
		D6E105011C73217C00049C3F /* MMTabbar.m in Sources */ = {isa = PBXBuildFile; fileRef = D6E104FE1C73217C00049C3F /* MMTabbar.m */; };
		D6E105021C73217C00049C3F /* MMTabbarController.m in Sources */ = {isa = PBXBuildFile; fileRef = D6E105001C73217C00049C3F /* MMTabbarController.m */; };
		D6E1061A1C73293000049C3F /* MMLogViewController.m in Sources */ = {isa = PBXBuildFile; fileRef = D6E106181C73293000049C3F /* MMLogViewController.m */; };
		D6E1061B1C73293000049C3F /* MMLogViewController.xib in Resources */ = {isa = PBXBuildFile; fileRef = D6E106191C73293000049C3F /* MMLogViewController.xib */; };
		D6E1062A1C74783E00049C3F /* AFHTTPSessionManager.m in Sources */ = {isa = PBXBuildFile; fileRef = D6E1061E1C74783E00049C3F /* AFHTTPSessionManager.m */; };
		D6E1062B1C74783E00049C3F /* AFNetworkReachabilityManager.m in Sources */ = {isa = PBXBuildFile; fileRef = D6E106211C74783E00049C3F /* AFNetworkReachabilityManager.m */; };
		D6E1062C1C74783E00049C3F /* AFSecurityPolicy.m in Sources */ = {isa = PBXBuildFile; fileRef = D6E106231C74783E00049C3F /* AFSecurityPolicy.m */; };
		D6E1062D1C74783E00049C3F /* AFURLRequestSerialization.m in Sources */ = {isa = PBXBuildFile; fileRef = D6E106251C74783E00049C3F /* AFURLRequestSerialization.m */; };
		D6E1062E1C74783E00049C3F /* AFURLResponseSerialization.m in Sources */ = {isa = PBXBuildFile; fileRef = D6E106271C74783E00049C3F /* AFURLResponseSerialization.m */; };
		D6E1062F1C74783E00049C3F /* AFURLSessionManager.m in Sources */ = {isa = PBXBuildFile; fileRef = D6E106291C74783E00049C3F /* AFURLSessionManager.m */; };
		D6E106451C74784700049C3F /* AFAutoPurgingImageCache.m in Sources */ = {isa = PBXBuildFile; fileRef = D6E106321C74784700049C3F /* AFAutoPurgingImageCache.m */; };
		D6E106461C74784700049C3F /* AFImageDownloader.m in Sources */ = {isa = PBXBuildFile; fileRef = D6E106341C74784700049C3F /* AFImageDownloader.m */; };
		D6E106471C74784700049C3F /* AFNetworkActivityIndicatorManager.m in Sources */ = {isa = PBXBuildFile; fileRef = D6E106361C74784700049C3F /* AFNetworkActivityIndicatorManager.m */; };
		D6E106481C74784700049C3F /* UIActivityIndicatorView+AFNetworking.m in Sources */ = {isa = PBXBuildFile; fileRef = D6E106381C74784700049C3F /* UIActivityIndicatorView+AFNetworking.m */; };
		D6E106491C74784700049C3F /* UIButton+AFNetworking.m in Sources */ = {isa = PBXBuildFile; fileRef = D6E1063A1C74784700049C3F /* UIButton+AFNetworking.m */; };
		D6E1064A1C74784700049C3F /* UIImageView+AFNetworking.m in Sources */ = {isa = PBXBuildFile; fileRef = D6E1063D1C74784700049C3F /* UIImageView+AFNetworking.m */; };
		D6E1064B1C74784700049C3F /* UIProgressView+AFNetworking.m in Sources */ = {isa = PBXBuildFile; fileRef = D6E106401C74784700049C3F /* UIProgressView+AFNetworking.m */; };
		D6E1064C1C74784700049C3F /* UIRefreshControl+AFNetworking.m in Sources */ = {isa = PBXBuildFile; fileRef = D6E106421C74784700049C3F /* UIRefreshControl+AFNetworking.m */; };
		D6E1064D1C74784700049C3F /* UIWebView+AFNetworking.m in Sources */ = {isa = PBXBuildFile; fileRef = D6E106441C74784700049C3F /* UIWebView+AFNetworking.m */; };
		D6E106501C747B6B00049C3F /* EZNetReachabilityManager.m in Sources */ = {isa = PBXBuildFile; fileRef = D6E1064F1C747B6B00049C3F /* EZNetReachabilityManager.m */; };
		D6E106531C747CCE00049C3F /* LoanViewController.m in Sources */ = {isa = PBXBuildFile; fileRef = D6E106521C747CCE00049C3F /* LoanViewController.m */; };
		D6E1065A1C747EEA00049C3F /* MMSegmentControl.m in Sources */ = {isa = PBXBuildFile; fileRef = D6E106591C747EEA00049C3F /* MMSegmentControl.m */; };
/* End PBXBuildFile section */

/* Begin PBXContainerItemProxy section */
		D6E104DE1C7320FD00049C3F /* PBXContainerItemProxy */ = {
			isa = PBXContainerItemProxy;
			containerPortal = D6E104B91C7320FD00049C3F /* Project object */;
			proxyType = 1;
			remoteGlobalIDString = D6E104C01C7320FD00049C3F;
			remoteInfo = MMD;
		};
		D6E104E91C7320FD00049C3F /* PBXContainerItemProxy */ = {
			isa = PBXContainerItemProxy;
			containerPortal = D6E104B91C7320FD00049C3F /* Project object */;
			proxyType = 1;
			remoteGlobalIDString = D6E104C01C7320FD00049C3F;
			remoteInfo = MMD;
		};
/* End PBXContainerItemProxy section */

/* Begin PBXFileReference section */
		D6E104C11C7320FD00049C3F /* MMD.app */ = {isa = PBXFileReference; explicitFileType = wrapper.application; includeInIndex = 0; path = MMD.app; sourceTree = BUILT_PRODUCTS_DIR; };
		D6E104C51C7320FD00049C3F /* main.m */ = {isa = PBXFileReference; lastKnownFileType = sourcecode.c.objc; path = main.m; sourceTree = "<group>"; };
		D6E104C71C7320FD00049C3F /* AppDelegate.h */ = {isa = PBXFileReference; lastKnownFileType = sourcecode.c.h; path = AppDelegate.h; sourceTree = "<group>"; };
		D6E104C81C7320FD00049C3F /* AppDelegate.m */ = {isa = PBXFileReference; lastKnownFileType = sourcecode.c.objc; path = AppDelegate.m; sourceTree = "<group>"; };
		D6E104CE1C7320FD00049C3F /* Base */ = {isa = PBXFileReference; lastKnownFileType = file.storyboard; name = Base; path = Base.lproj/Main.storyboard; sourceTree = "<group>"; };
		D6E104D11C7320FD00049C3F /* MMD.xcdatamodel */ = {isa = PBXFileReference; lastKnownFileType = wrapper.xcdatamodel; path = MMD.xcdatamodel; sourceTree = "<group>"; };
		D6E104D31C7320FD00049C3F /* Assets.xcassets */ = {isa = PBXFileReference; lastKnownFileType = folder.assetcatalog; path = Assets.xcassets; sourceTree = "<group>"; };
		D6E104D61C7320FD00049C3F /* Base */ = {isa = PBXFileReference; lastKnownFileType = file.storyboard; name = Base; path = Base.lproj/LaunchScreen.storyboard; sourceTree = "<group>"; };
		D6E104D81C7320FD00049C3F /* Info.plist */ = {isa = PBXFileReference; lastKnownFileType = text.plist.xml; path = Info.plist; sourceTree = "<group>"; };
		D6E104DD1C7320FD00049C3F /* MMDTests.xctest */ = {isa = PBXFileReference; explicitFileType = wrapper.cfbundle; includeInIndex = 0; path = MMDTests.xctest; sourceTree = BUILT_PRODUCTS_DIR; };
		D6E104E11C7320FD00049C3F /* MMDTests.m */ = {isa = PBXFileReference; lastKnownFileType = sourcecode.c.objc; path = MMDTests.m; sourceTree = "<group>"; };
		D6E104E31C7320FD00049C3F /* Info.plist */ = {isa = PBXFileReference; lastKnownFileType = text.plist.xml; path = Info.plist; sourceTree = "<group>"; };
		D6E104E81C7320FD00049C3F /* MMDUITests.xctest */ = {isa = PBXFileReference; explicitFileType = wrapper.cfbundle; includeInIndex = 0; path = MMDUITests.xctest; sourceTree = BUILT_PRODUCTS_DIR; };
		D6E104EC1C7320FD00049C3F /* MMDUITests.m */ = {isa = PBXFileReference; lastKnownFileType = sourcecode.c.objc; path = MMDUITests.m; sourceTree = "<group>"; };
		D6E104EE1C7320FD00049C3F /* Info.plist */ = {isa = PBXFileReference; lastKnownFileType = text.plist.xml; path = Info.plist; sourceTree = "<group>"; };
		D6E104FD1C73217C00049C3F /* MMTabbar.h */ = {isa = PBXFileReference; fileEncoding = 4; lastKnownFileType = sourcecode.c.h; path = MMTabbar.h; sourceTree = "<group>"; };
		D6E104FE1C73217C00049C3F /* MMTabbar.m */ = {isa = PBXFileReference; fileEncoding = 4; lastKnownFileType = sourcecode.c.objc; path = MMTabbar.m; sourceTree = "<group>"; };
		D6E104FF1C73217C00049C3F /* MMTabbarController.h */ = {isa = PBXFileReference; fileEncoding = 4; lastKnownFileType = sourcecode.c.h; path = MMTabbarController.h; sourceTree = "<group>"; };
		D6E105001C73217C00049C3F /* MMTabbarController.m */ = {isa = PBXFileReference; fileEncoding = 4; lastKnownFileType = sourcecode.c.objc; path = MMTabbarController.m; sourceTree = "<group>"; };
		D6E105091C73219000049C3F /* TabbarTitleHeader.h */ = {isa = PBXFileReference; fileEncoding = 4; lastKnownFileType = sourcecode.c.h; path = TabbarTitleHeader.h; sourceTree = "<group>"; };
		D6E106171C73293000049C3F /* MMLogViewController.h */ = {isa = PBXFileReference; fileEncoding = 4; lastKnownFileType = sourcecode.c.h; path = MMLogViewController.h; sourceTree = "<group>"; };
		D6E106181C73293000049C3F /* MMLogViewController.m */ = {isa = PBXFileReference; fileEncoding = 4; lastKnownFileType = sourcecode.c.objc; path = MMLogViewController.m; sourceTree = "<group>"; };
		D6E106191C73293000049C3F /* MMLogViewController.xib */ = {isa = PBXFileReference; fileEncoding = 4; lastKnownFileType = file.xib; path = MMLogViewController.xib; sourceTree = "<group>"; };
		D6E1061D1C74783E00049C3F /* AFHTTPSessionManager.h */ = {isa = PBXFileReference; fileEncoding = 4; lastKnownFileType = sourcecode.c.h; path = AFHTTPSessionManager.h; sourceTree = "<group>"; };
		D6E1061E1C74783E00049C3F /* AFHTTPSessionManager.m */ = {isa = PBXFileReference; fileEncoding = 4; lastKnownFileType = sourcecode.c.objc; path = AFHTTPSessionManager.m; sourceTree = "<group>"; };
		D6E1061F1C74783E00049C3F /* AFNetworking.h */ = {isa = PBXFileReference; fileEncoding = 4; lastKnownFileType = sourcecode.c.h; path = AFNetworking.h; sourceTree = "<group>"; };
		D6E106201C74783E00049C3F /* AFNetworkReachabilityManager.h */ = {isa = PBXFileReference; fileEncoding = 4; lastKnownFileType = sourcecode.c.h; path = AFNetworkReachabilityManager.h; sourceTree = "<group>"; };
		D6E106211C74783E00049C3F /* AFNetworkReachabilityManager.m */ = {isa = PBXFileReference; fileEncoding = 4; lastKnownFileType = sourcecode.c.objc; path = AFNetworkReachabilityManager.m; sourceTree = "<group>"; };
		D6E106221C74783E00049C3F /* AFSecurityPolicy.h */ = {isa = PBXFileReference; fileEncoding = 4; lastKnownFileType = sourcecode.c.h; path = AFSecurityPolicy.h; sourceTree = "<group>"; };
		D6E106231C74783E00049C3F /* AFSecurityPolicy.m */ = {isa = PBXFileReference; fileEncoding = 4; lastKnownFileType = sourcecode.c.objc; path = AFSecurityPolicy.m; sourceTree = "<group>"; };
		D6E106241C74783E00049C3F /* AFURLRequestSerialization.h */ = {isa = PBXFileReference; fileEncoding = 4; lastKnownFileType = sourcecode.c.h; path = AFURLRequestSerialization.h; sourceTree = "<group>"; };
		D6E106251C74783E00049C3F /* AFURLRequestSerialization.m */ = {isa = PBXFileReference; fileEncoding = 4; lastKnownFileType = sourcecode.c.objc; path = AFURLRequestSerialization.m; sourceTree = "<group>"; };
		D6E106261C74783E00049C3F /* AFURLResponseSerialization.h */ = {isa = PBXFileReference; fileEncoding = 4; lastKnownFileType = sourcecode.c.h; path = AFURLResponseSerialization.h; sourceTree = "<group>"; };
		D6E106271C74783E00049C3F /* AFURLResponseSerialization.m */ = {isa = PBXFileReference; fileEncoding = 4; lastKnownFileType = sourcecode.c.objc; path = AFURLResponseSerialization.m; sourceTree = "<group>"; };
		D6E106281C74783E00049C3F /* AFURLSessionManager.h */ = {isa = PBXFileReference; fileEncoding = 4; lastKnownFileType = sourcecode.c.h; path = AFURLSessionManager.h; sourceTree = "<group>"; };
		D6E106291C74783E00049C3F /* AFURLSessionManager.m */ = {isa = PBXFileReference; fileEncoding = 4; lastKnownFileType = sourcecode.c.objc; path = AFURLSessionManager.m; sourceTree = "<group>"; };
		D6E106311C74784700049C3F /* AFAutoPurgingImageCache.h */ = {isa = PBXFileReference; fileEncoding = 4; lastKnownFileType = sourcecode.c.h; path = AFAutoPurgingImageCache.h; sourceTree = "<group>"; };
		D6E106321C74784700049C3F /* AFAutoPurgingImageCache.m */ = {isa = PBXFileReference; fileEncoding = 4; lastKnownFileType = sourcecode.c.objc; path = AFAutoPurgingImageCache.m; sourceTree = "<group>"; };
		D6E106331C74784700049C3F /* AFImageDownloader.h */ = {isa = PBXFileReference; fileEncoding = 4; lastKnownFileType = sourcecode.c.h; path = AFImageDownloader.h; sourceTree = "<group>"; };
		D6E106341C74784700049C3F /* AFImageDownloader.m */ = {isa = PBXFileReference; fileEncoding = 4; lastKnownFileType = sourcecode.c.objc; path = AFImageDownloader.m; sourceTree = "<group>"; };
		D6E106351C74784700049C3F /* AFNetworkActivityIndicatorManager.h */ = {isa = PBXFileReference; fileEncoding = 4; lastKnownFileType = sourcecode.c.h; path = AFNetworkActivityIndicatorManager.h; sourceTree = "<group>"; };
		D6E106361C74784700049C3F /* AFNetworkActivityIndicatorManager.m */ = {isa = PBXFileReference; fileEncoding = 4; lastKnownFileType = sourcecode.c.objc; path = AFNetworkActivityIndicatorManager.m; sourceTree = "<group>"; };
		D6E106371C74784700049C3F /* UIActivityIndicatorView+AFNetworking.h */ = {isa = PBXFileReference; fileEncoding = 4; lastKnownFileType = sourcecode.c.h; path = "UIActivityIndicatorView+AFNetworking.h"; sourceTree = "<group>"; };
		D6E106381C74784700049C3F /* UIActivityIndicatorView+AFNetworking.m */ = {isa = PBXFileReference; fileEncoding = 4; lastKnownFileType = sourcecode.c.objc; path = "UIActivityIndicatorView+AFNetworking.m"; sourceTree = "<group>"; };
		D6E106391C74784700049C3F /* UIButton+AFNetworking.h */ = {isa = PBXFileReference; fileEncoding = 4; lastKnownFileType = sourcecode.c.h; path = "UIButton+AFNetworking.h"; sourceTree = "<group>"; };
		D6E1063A1C74784700049C3F /* UIButton+AFNetworking.m */ = {isa = PBXFileReference; fileEncoding = 4; lastKnownFileType = sourcecode.c.objc; path = "UIButton+AFNetworking.m"; sourceTree = "<group>"; };
		D6E1063B1C74784700049C3F /* UIImage+AFNetworking.h */ = {isa = PBXFileReference; fileEncoding = 4; lastKnownFileType = sourcecode.c.h; path = "UIImage+AFNetworking.h"; sourceTree = "<group>"; };
		D6E1063C1C74784700049C3F /* UIImageView+AFNetworking.h */ = {isa = PBXFileReference; fileEncoding = 4; lastKnownFileType = sourcecode.c.h; path = "UIImageView+AFNetworking.h"; sourceTree = "<group>"; };
		D6E1063D1C74784700049C3F /* UIImageView+AFNetworking.m */ = {isa = PBXFileReference; fileEncoding = 4; lastKnownFileType = sourcecode.c.objc; path = "UIImageView+AFNetworking.m"; sourceTree = "<group>"; };
		D6E1063E1C74784700049C3F /* UIKit+AFNetworking.h */ = {isa = PBXFileReference; fileEncoding = 4; lastKnownFileType = sourcecode.c.h; path = "UIKit+AFNetworking.h"; sourceTree = "<group>"; };
		D6E1063F1C74784700049C3F /* UIProgressView+AFNetworking.h */ = {isa = PBXFileReference; fileEncoding = 4; lastKnownFileType = sourcecode.c.h; path = "UIProgressView+AFNetworking.h"; sourceTree = "<group>"; };
		D6E106401C74784700049C3F /* UIProgressView+AFNetworking.m */ = {isa = PBXFileReference; fileEncoding = 4; lastKnownFileType = sourcecode.c.objc; path = "UIProgressView+AFNetworking.m"; sourceTree = "<group>"; };
		D6E106411C74784700049C3F /* UIRefreshControl+AFNetworking.h */ = {isa = PBXFileReference; fileEncoding = 4; lastKnownFileType = sourcecode.c.h; path = "UIRefreshControl+AFNetworking.h"; sourceTree = "<group>"; };
		D6E106421C74784700049C3F /* UIRefreshControl+AFNetworking.m */ = {isa = PBXFileReference; fileEncoding = 4; lastKnownFileType = sourcecode.c.objc; path = "UIRefreshControl+AFNetworking.m"; sourceTree = "<group>"; };
		D6E106431C74784700049C3F /* UIWebView+AFNetworking.h */ = {isa = PBXFileReference; fileEncoding = 4; lastKnownFileType = sourcecode.c.h; path = "UIWebView+AFNetworking.h"; sourceTree = "<group>"; };
		D6E106441C74784700049C3F /* UIWebView+AFNetworking.m */ = {isa = PBXFileReference; fileEncoding = 4; lastKnownFileType = sourcecode.c.objc; path = "UIWebView+AFNetworking.m"; sourceTree = "<group>"; };
		D6E1064E1C747B6B00049C3F /* EZNetReachabilityManager.h */ = {isa = PBXFileReference; fileEncoding = 4; lastKnownFileType = sourcecode.c.h; path = EZNetReachabilityManager.h; sourceTree = "<group>"; };
		D6E1064F1C747B6B00049C3F /* EZNetReachabilityManager.m */ = {isa = PBXFileReference; fileEncoding = 4; lastKnownFileType = sourcecode.c.objc; path = EZNetReachabilityManager.m; sourceTree = "<group>"; };
		D6E106511C747CCE00049C3F /* LoanViewController.h */ = {isa = PBXFileReference; fileEncoding = 4; lastKnownFileType = sourcecode.c.h; path = LoanViewController.h; sourceTree = "<group>"; };
		D6E106521C747CCE00049C3F /* LoanViewController.m */ = {isa = PBXFileReference; fileEncoding = 4; lastKnownFileType = sourcecode.c.objc; path = LoanViewController.m; sourceTree = "<group>"; };
		D6E106581C747EEA00049C3F /* MMSegmentControl.h */ = {isa = PBXFileReference; fileEncoding = 4; lastKnownFileType = sourcecode.c.h; path = MMSegmentControl.h; sourceTree = "<group>"; };
		D6E106591C747EEA00049C3F /* MMSegmentControl.m */ = {isa = PBXFileReference; fileEncoding = 4; lastKnownFileType = sourcecode.c.objc; path = MMSegmentControl.m; sourceTree = "<group>"; };
		D6E1065B1C74806800049C3F /* SegmentTitleHeader.h */ = {isa = PBXFileReference; fileEncoding = 4; lastKnownFileType = sourcecode.c.h; path = SegmentTitleHeader.h; sourceTree = "<group>"; };
		D6E1065C1C7480E100049C3F /* LoanHeader.h */ = {isa = PBXFileReference; fileEncoding = 4; lastKnownFileType = sourcecode.c.h; path = LoanHeader.h; sourceTree = "<group>"; };
/* End PBXFileReference section */

/* Begin PBXFrameworksBuildPhase section */
		D6E104BE1C7320FD00049C3F /* Frameworks */ = {
			isa = PBXFrameworksBuildPhase;
			buildActionMask = 2147483647;
			files = (
			);
			runOnlyForDeploymentPostprocessing = 0;
		};
		D6E104DA1C7320FD00049C3F /* Frameworks */ = {
			isa = PBXFrameworksBuildPhase;
			buildActionMask = 2147483647;
			files = (
			);
			runOnlyForDeploymentPostprocessing = 0;
		};
		D6E104E51C7320FD00049C3F /* Frameworks */ = {
			isa = PBXFrameworksBuildPhase;
			buildActionMask = 2147483647;
			files = (
			);
			runOnlyForDeploymentPostprocessing = 0;
		};
/* End PBXFrameworksBuildPhase section */

/* Begin PBXGroup section */
		D6E104B81C7320FD00049C3F = {
			isa = PBXGroup;
			children = (
				D6E104C31C7320FD00049C3F /* MMD */,
				D6E104E01C7320FD00049C3F /* MMDTests */,
				D6E104EB1C7320FD00049C3F /* MMDUITests */,
				D6E104C21C7320FD00049C3F /* Products */,
			);
			sourceTree = "<group>";
		};
		D6E104C21C7320FD00049C3F /* Products */ = {
			isa = PBXGroup;
			children = (
				D6E104C11C7320FD00049C3F /* MMD.app */,
				D6E104DD1C7320FD00049C3F /* MMDTests.xctest */,
				D6E104E81C7320FD00049C3F /* MMDUITests.xctest */,
			);
			name = Products;
			sourceTree = "<group>";
		};
		D6E104C31C7320FD00049C3F /* MMD */ = {
			isa = PBXGroup;
			children = (
				D6E104C71C7320FD00049C3F /* AppDelegate.h */,
				D6E104C81C7320FD00049C3F /* AppDelegate.m */,
				D6E104CD1C7320FD00049C3F /* Main.storyboard */,
				D6E105101C7321A000049C3F /* Vender */,
				D6E1050C1C73219800049C3F /* Resourses */,
				D6E105031C73219000049C3F /* Expand */,
				D6E104FA1C73217C00049C3F /* Main */,
				D6E104D31C7320FD00049C3F /* Assets.xcassets */,
				D6E104D51C7320FD00049C3F /* LaunchScreen.storyboard */,
				D6E104D81C7320FD00049C3F /* Info.plist */,
				D6E104D01C7320FD00049C3F /* MMD.xcdatamodeld */,
				D6E104C41C7320FD00049C3F /* Supporting Files */,
			);
			path = MMD;
			sourceTree = "<group>";
		};
		D6E104C41C7320FD00049C3F /* Supporting Files */ = {
			isa = PBXGroup;
			children = (
				D6E104C51C7320FD00049C3F /* main.m */,
			);
			name = "Supporting Files";
			sourceTree = "<group>";
		};
		D6E104E01C7320FD00049C3F /* MMDTests */ = {
			isa = PBXGroup;
			children = (
				D6E104E11C7320FD00049C3F /* MMDTests.m */,
				D6E104E31C7320FD00049C3F /* Info.plist */,
			);
			path = MMDTests;
			sourceTree = "<group>";
		};
		D6E104EB1C7320FD00049C3F /* MMDUITests */ = {
			isa = PBXGroup;
			children = (
				D6E104EC1C7320FD00049C3F /* MMDUITests.m */,
				D6E104EE1C7320FD00049C3F /* Info.plist */,
			);
			path = MMDUITests;
			sourceTree = "<group>";
		};
		D6E104FA1C73217C00049C3F /* Main */ = {
			isa = PBXGroup;
			children = (
				D6E106541C747D0500049C3F /* 登录 */,
				D6E106161C7327AC00049C3F /* 更多 */,
				D6E106151C7327A600049C3F /* 我的 */,
				D6E106141C7327A100049C3F /* 还款 */,
				D6E106131C73265700049C3F /* 借款 */,
				D6E104FB1C73217C00049C3F /* Base(基类) */,
				D6E104FC1C73217C00049C3F /* Tabbar */,
			);
			path = Main;
			sourceTree = "<group>";
		};
		D6E104FB1C73217C00049C3F /* Base(基类) */ = {
			isa = PBXGroup;
			children = (
			);
			path = "Base(基类)";
			sourceTree = "<group>";
		};
		D6E104FC1C73217C00049C3F /* Tabbar */ = {
			isa = PBXGroup;
			children = (
				D6E104FD1C73217C00049C3F /* MMTabbar.h */,
				D6E104FE1C73217C00049C3F /* MMTabbar.m */,
				D6E104FF1C73217C00049C3F /* MMTabbarController.h */,
				D6E105001C73217C00049C3F /* MMTabbarController.m */,
			);
			path = Tabbar;
			sourceTree = "<group>";
		};
		D6E105031C73219000049C3F /* Expand */ = {
			isa = PBXGroup;
			children = (
				D6E105041C73219000049C3F /* Category */,
				D6E105061C73219000049C3F /* Const */,
				D6E105071C73219000049C3F /* DataBase */,
				D6E105081C73219000049C3F /* Macros */,
				D6E1050A1C73219000049C3F /* Network */,
				D6E1050B1C73219000049C3F /* Tool */,
			);
			path = Expand;
			sourceTree = "<group>";
		};
		D6E105041C73219000049C3F /* Category */ = {
			isa = PBXGroup;
			children = (
				D6E105051C73219000049C3F /* Other */,
			);
			path = Category;
			sourceTree = "<group>";
		};
		D6E105051C73219000049C3F /* Other */ = {
			isa = PBXGroup;
			children = (
			);
			path = Other;
			sourceTree = "<group>";
		};
		D6E105061C73219000049C3F /* Const */ = {
			isa = PBXGroup;
			children = (
				D6E1065B1C74806800049C3F /* SegmentTitleHeader.h */,
			);
			path = Const;
			sourceTree = "<group>";
		};
		D6E105071C73219000049C3F /* DataBase */ = {
			isa = PBXGroup;
			children = (
			);
			path = DataBase;
			sourceTree = "<group>";
		};
		D6E105081C73219000049C3F /* Macros */ = {
			isa = PBXGroup;
			children = (
				D6E105091C73219000049C3F /* TabbarTitleHeader.h */,
			);
			path = Macros;
			sourceTree = "<group>";
		};
		D6E1050A1C73219000049C3F /* Network */ = {
			isa = PBXGroup;
			children = (
				D6E106301C74784700049C3F /* UIKit+AFNetworking */,
				D6E1061C1C74783E00049C3F /* AFNetworking */,
				D6E1064E1C747B6B00049C3F /* EZNetReachabilityManager.h */,
				D6E1064F1C747B6B00049C3F /* EZNetReachabilityManager.m */,
			);
			path = Network;
			sourceTree = "<group>";
		};
		D6E1050B1C73219000049C3F /* Tool */ = {
			isa = PBXGroup;
			children = (
			);
			path = Tool;
			sourceTree = "<group>";
		};
		D6E1050C1C73219800049C3F /* Resourses */ = {
			isa = PBXGroup;
			children = (
				D6E1050D1C73219800049C3F /* Global */,
				D6E1050E1C73219800049C3F /* Images */,
				D6E1050F1C73219800049C3F /* Plist */,
			);
			path = Resourses;
			sourceTree = "<group>";
		};
		D6E1050D1C73219800049C3F /* Global */ = {
			isa = PBXGroup;
			children = (
			);
			path = Global;
			sourceTree = "<group>";
		};
		D6E1050E1C73219800049C3F /* Images */ = {
			isa = PBXGroup;
			children = (
			);
			path = Images;
			sourceTree = "<group>";
		};
		D6E1050F1C73219800049C3F /* Plist */ = {
			isa = PBXGroup;
			children = (
			);
			path = Plist;
			sourceTree = "<group>";
		};
		D6E105101C7321A000049C3F /* Vender */ = {
			isa = PBXGroup;
			children = (
			);
			path = Vender;
			sourceTree = "<group>";
		};
		D6E106131C73265700049C3F /* 借款 */ = {
			isa = PBXGroup;
			children = (
				D6E106571C747EBF00049C3F /* Model */,
				D6E106561C747EBA00049C3F /* View */,
				D6E106551C747EB300049C3F /* Controller */,
			);
			name = "借款";
			sourceTree = "<group>";
		};
		D6E106141C7327A100049C3F /* 还款 */ = {
			isa = PBXGroup;
			children = (
			);
			name = "还款";
			sourceTree = "<group>";
		};
		D6E106151C7327A600049C3F /* 我的 */ = {
			isa = PBXGroup;
			children = (
			);
			name = "我的";
			sourceTree = "<group>";
		};
		D6E106161C7327AC00049C3F /* 更多 */ = {
			isa = PBXGroup;
			children = (
			);
			name = "更多";
			sourceTree = "<group>";
		};
		D6E1061C1C74783E00049C3F /* AFNetworking */ = {
			isa = PBXGroup;
			children = (
				D6E1061D1C74783E00049C3F /* AFHTTPSessionManager.h */,
				D6E1061E1C74783E00049C3F /* AFHTTPSessionManager.m */,
				D6E1061F1C74783E00049C3F /* AFNetworking.h */,
				D6E106201C74783E00049C3F /* AFNetworkReachabilityManager.h */,
				D6E106211C74783E00049C3F /* AFNetworkReachabilityManager.m */,
				D6E106221C74783E00049C3F /* AFSecurityPolicy.h */,
				D6E106231C74783E00049C3F /* AFSecurityPolicy.m */,
				D6E106241C74783E00049C3F /* AFURLRequestSerialization.h */,
				D6E106251C74783E00049C3F /* AFURLRequestSerialization.m */,
				D6E106261C74783E00049C3F /* AFURLResponseSerialization.h */,
				D6E106271C74783E00049C3F /* AFURLResponseSerialization.m */,
				D6E106281C74783E00049C3F /* AFURLSessionManager.h */,
				D6E106291C74783E00049C3F /* AFURLSessionManager.m */,
			);
			path = AFNetworking;
			sourceTree = "<group>";
		};
		D6E106301C74784700049C3F /* UIKit+AFNetworking */ = {
			isa = PBXGroup;
			children = (
				D6E106311C74784700049C3F /* AFAutoPurgingImageCache.h */,
				D6E106321C74784700049C3F /* AFAutoPurgingImageCache.m */,
				D6E106331C74784700049C3F /* AFImageDownloader.h */,
				D6E106341C74784700049C3F /* AFImageDownloader.m */,
				D6E106351C74784700049C3F /* AFNetworkActivityIndicatorManager.h */,
				D6E106361C74784700049C3F /* AFNetworkActivityIndicatorManager.m */,
				D6E106371C74784700049C3F /* UIActivityIndicatorView+AFNetworking.h */,
				D6E106381C74784700049C3F /* UIActivityIndicatorView+AFNetworking.m */,
				D6E106391C74784700049C3F /* UIButton+AFNetworking.h */,
				D6E1063A1C74784700049C3F /* UIButton+AFNetworking.m */,
				D6E1063B1C74784700049C3F /* UIImage+AFNetworking.h */,
				D6E1063C1C74784700049C3F /* UIImageView+AFNetworking.h */,
				D6E1063D1C74784700049C3F /* UIImageView+AFNetworking.m */,
				D6E1063E1C74784700049C3F /* UIKit+AFNetworking.h */,
				D6E1063F1C74784700049C3F /* UIProgressView+AFNetworking.h */,
				D6E106401C74784700049C3F /* UIProgressView+AFNetworking.m */,
				D6E106411C74784700049C3F /* UIRefreshControl+AFNetworking.h */,
				D6E106421C74784700049C3F /* UIRefreshControl+AFNetworking.m */,
				D6E106431C74784700049C3F /* UIWebView+AFNetworking.h */,
				D6E106441C74784700049C3F /* UIWebView+AFNetworking.m */,
			);
			path = "UIKit+AFNetworking";
			sourceTree = "<group>";
		};
		D6E106541C747D0500049C3F /* 登录 */ = {
			isa = PBXGroup;
			children = (
				D6E106171C73293000049C3F /* MMLogViewController.h */,
				D6E106181C73293000049C3F /* MMLogViewController.m */,
				D6E106191C73293000049C3F /* MMLogViewController.xib */,
			);
			name = "登录";
			sourceTree = "<group>";
		};
		D6E106551C747EB300049C3F /* Controller */ = {
			isa = PBXGroup;
			children = (
				D6E106511C747CCE00049C3F /* LoanViewController.h */,
				D6E106521C747CCE00049C3F /* LoanViewController.m */,
				D6E1065C1C7480E100049C3F /* LoanHeader.h */,
			);
			name = Controller;
			sourceTree = "<group>";
		};
		D6E106561C747EBA00049C3F /* View */ = {
			isa = PBXGroup;
			children = (
				D6E106581C747EEA00049C3F /* MMSegmentControl.h */,
				D6E106591C747EEA00049C3F /* MMSegmentControl.m */,
			);
			name = View;
			sourceTree = "<group>";
		};
		D6E106571C747EBF00049C3F /* Model */ = {
			isa = PBXGroup;
			children = (
			);
			name = Model;
			sourceTree = "<group>";
		};
/* End PBXGroup section */

/* Begin PBXNativeTarget section */
		D6E104C01C7320FD00049C3F /* MMD */ = {
			isa = PBXNativeTarget;
			buildConfigurationList = D6E104F11C7320FD00049C3F /* Build configuration list for PBXNativeTarget "MMD" */;
			buildPhases = (
				D6E104BD1C7320FD00049C3F /* Sources */,
				D6E104BE1C7320FD00049C3F /* Frameworks */,
				D6E104BF1C7320FD00049C3F /* Resources */,
			);
			buildRules = (
			);
			dependencies = (
			);
			name = MMD;
			productName = MMD;
			productReference = D6E104C11C7320FD00049C3F /* MMD.app */;
			productType = "com.apple.product-type.application";
		};
		D6E104DC1C7320FD00049C3F /* MMDTests */ = {
			isa = PBXNativeTarget;
			buildConfigurationList = D6E104F41C7320FD00049C3F /* Build configuration list for PBXNativeTarget "MMDTests" */;
			buildPhases = (
				D6E104D91C7320FD00049C3F /* Sources */,
				D6E104DA1C7320FD00049C3F /* Frameworks */,
				D6E104DB1C7320FD00049C3F /* Resources */,
			);
			buildRules = (
			);
			dependencies = (
				D6E104DF1C7320FD00049C3F /* PBXTargetDependency */,
			);
			name = MMDTests;
			productName = MMDTests;
			productReference = D6E104DD1C7320FD00049C3F /* MMDTests.xctest */;
			productType = "com.apple.product-type.bundle.unit-test";
		};
		D6E104E71C7320FD00049C3F /* MMDUITests */ = {
			isa = PBXNativeTarget;
			buildConfigurationList = D6E104F71C7320FD00049C3F /* Build configuration list for PBXNativeTarget "MMDUITests" */;
			buildPhases = (
				D6E104E41C7320FD00049C3F /* Sources */,
				D6E104E51C7320FD00049C3F /* Frameworks */,
				D6E104E61C7320FD00049C3F /* Resources */,
			);
			buildRules = (
			);
			dependencies = (
				D6E104EA1C7320FD00049C3F /* PBXTargetDependency */,
			);
			name = MMDUITests;
			productName = MMDUITests;
			productReference = D6E104E81C7320FD00049C3F /* MMDUITests.xctest */;
			productType = "com.apple.product-type.bundle.ui-testing";
		};
/* End PBXNativeTarget section */

/* Begin PBXProject section */
		D6E104B91C7320FD00049C3F /* Project object */ = {
			isa = PBXProject;
			attributes = {
				LastUpgradeCheck = 0720;
				ORGANIZATIONNAME = "Eric.Co.,Ltd";
				TargetAttributes = {
					D6E104C01C7320FD00049C3F = {
						CreatedOnToolsVersion = 7.2;
					};
					D6E104DC1C7320FD00049C3F = {
						CreatedOnToolsVersion = 7.2;
						TestTargetID = D6E104C01C7320FD00049C3F;
					};
					D6E104E71C7320FD00049C3F = {
						CreatedOnToolsVersion = 7.2;
						TestTargetID = D6E104C01C7320FD00049C3F;
					};
				};
			};
			buildConfigurationList = D6E104BC1C7320FD00049C3F /* Build configuration list for PBXProject "MMD" */;
			compatibilityVersion = "Xcode 3.2";
			developmentRegion = English;
			hasScannedForEncodings = 0;
			knownRegions = (
				en,
				Base,
			);
			mainGroup = D6E104B81C7320FD00049C3F;
			productRefGroup = D6E104C21C7320FD00049C3F /* Products */;
			projectDirPath = "";
			projectRoot = "";
			targets = (
				D6E104C01C7320FD00049C3F /* MMD */,
				D6E104DC1C7320FD00049C3F /* MMDTests */,
				D6E104E71C7320FD00049C3F /* MMDUITests */,
			);
		};
/* End PBXProject section */

/* Begin PBXResourcesBuildPhase section */
		D6E104BF1C7320FD00049C3F /* Resources */ = {
			isa = PBXResourcesBuildPhase;
			buildActionMask = 2147483647;
			files = (
				D6E104D71C7320FD00049C3F /* LaunchScreen.storyboard in Resources */,
				D6E104D41C7320FD00049C3F /* Assets.xcassets in Resources */,
				D6E104CF1C7320FD00049C3F /* Main.storyboard in Resources */,
				D6E1061B1C73293000049C3F /* MMLogViewController.xib in Resources */,
			);
			runOnlyForDeploymentPostprocessing = 0;
		};
		D6E104DB1C7320FD00049C3F /* Resources */ = {
			isa = PBXResourcesBuildPhase;
			buildActionMask = 2147483647;
			files = (
			);
			runOnlyForDeploymentPostprocessing = 0;
		};
		D6E104E61C7320FD00049C3F /* Resources */ = {
			isa = PBXResourcesBuildPhase;
			buildActionMask = 2147483647;
			files = (
			);
			runOnlyForDeploymentPostprocessing = 0;
		};
/* End PBXResourcesBuildPhase section */

/* Begin PBXSourcesBuildPhase section */
		D6E104BD1C7320FD00049C3F /* Sources */ = {
			isa = PBXSourcesBuildPhase;
			buildActionMask = 2147483647;
			files = (
				D6E1064B1C74784700049C3F /* UIProgressView+AFNetworking.m in Sources */,
				D6E106501C747B6B00049C3F /* EZNetReachabilityManager.m in Sources */,
				D6E106491C74784700049C3F /* UIButton+AFNetworking.m in Sources */,
				D6E1065A1C747EEA00049C3F /* MMSegmentControl.m in Sources */,
				D6E1064C1C74784700049C3F /* UIRefreshControl+AFNetworking.m in Sources */,
				D6E105021C73217C00049C3F /* MMTabbarController.m in Sources */,
				D6E1062C1C74783E00049C3F /* AFSecurityPolicy.m in Sources */,
				D6E104C91C7320FD00049C3F /* AppDelegate.m in Sources */,
				D6E106531C747CCE00049C3F /* LoanViewController.m in Sources */,
				D6E104D21C7320FD00049C3F /* MMD.xcdatamodeld in Sources */,
				D6E1062E1C74783E00049C3F /* AFURLResponseSerialization.m in Sources */,
				D6E105011C73217C00049C3F /* MMTabbar.m in Sources */,
				D6E1064A1C74784700049C3F /* UIImageView+AFNetworking.m in Sources */,
				D6E104C61C7320FD00049C3F /* main.m in Sources */,
				D6E1062A1C74783E00049C3F /* AFHTTPSessionManager.m in Sources */,
				D6E106451C74784700049C3F /* AFAutoPurgingImageCache.m in Sources */,
				D6E1062D1C74783E00049C3F /* AFURLRequestSerialization.m in Sources */,
				D6E1062F1C74783E00049C3F /* AFURLSessionManager.m in Sources */,
				D6E106461C74784700049C3F /* AFImageDownloader.m in Sources */,
				D6E1062B1C74783E00049C3F /* AFNetworkReachabilityManager.m in Sources */,
				D6E1064D1C74784700049C3F /* UIWebView+AFNetworking.m in Sources */,
				D6E1061A1C73293000049C3F /* MMLogViewController.m in Sources */,
				D6E106481C74784700049C3F /* UIActivityIndicatorView+AFNetworking.m in Sources */,
				D6E106471C74784700049C3F /* AFNetworkActivityIndicatorManager.m in Sources */,
			);
			runOnlyForDeploymentPostprocessing = 0;
		};
		D6E104D91C7320FD00049C3F /* Sources */ = {
			isa = PBXSourcesBuildPhase;
			buildActionMask = 2147483647;
			files = (
				D6E104E21C7320FD00049C3F /* MMDTests.m in Sources */,
			);
			runOnlyForDeploymentPostprocessing = 0;
		};
		D6E104E41C7320FD00049C3F /* Sources */ = {
			isa = PBXSourcesBuildPhase;
			buildActionMask = 2147483647;
			files = (
				D6E104ED1C7320FD00049C3F /* MMDUITests.m in Sources */,
			);
			runOnlyForDeploymentPostprocessing = 0;
		};
/* End PBXSourcesBuildPhase section */

/* Begin PBXTargetDependency section */
		D6E104DF1C7320FD00049C3F /* PBXTargetDependency */ = {
			isa = PBXTargetDependency;
			target = D6E104C01C7320FD00049C3F /* MMD */;
			targetProxy = D6E104DE1C7320FD00049C3F /* PBXContainerItemProxy */;
		};
		D6E104EA1C7320FD00049C3F /* PBXTargetDependency */ = {
			isa = PBXTargetDependency;
			target = D6E104C01C7320FD00049C3F /* MMD */;
			targetProxy = D6E104E91C7320FD00049C3F /* PBXContainerItemProxy */;
		};
/* End PBXTargetDependency section */

/* Begin PBXVariantGroup section */
		D6E104CD1C7320FD00049C3F /* Main.storyboard */ = {
			isa = PBXVariantGroup;
			children = (
				D6E104CE1C7320FD00049C3F /* Base */,
			);
			name = Main.storyboard;
			sourceTree = "<group>";
		};
		D6E104D51C7320FD00049C3F /* LaunchScreen.storyboard */ = {
			isa = PBXVariantGroup;
			children = (
				D6E104D61C7320FD00049C3F /* Base */,
			);
			name = LaunchScreen.storyboard;
			sourceTree = "<group>";
		};
/* End PBXVariantGroup section */

/* Begin XCBuildConfiguration section */
		D6E104EF1C7320FD00049C3F /* Debug */ = {
			isa = XCBuildConfiguration;
			buildSettings = {
				ALWAYS_SEARCH_USER_PATHS = NO;
				CLANG_CXX_LANGUAGE_STANDARD = "gnu++0x";
				CLANG_CXX_LIBRARY = "libc++";
				CLANG_ENABLE_MODULES = YES;
				CLANG_ENABLE_OBJC_ARC = YES;
				CLANG_WARN_BOOL_CONVERSION = YES;
				CLANG_WARN_CONSTANT_CONVERSION = YES;
				CLANG_WARN_DIRECT_OBJC_ISA_USAGE = YES_ERROR;
				CLANG_WARN_EMPTY_BODY = YES;
				CLANG_WARN_ENUM_CONVERSION = YES;
				CLANG_WARN_INT_CONVERSION = YES;
				CLANG_WARN_OBJC_ROOT_CLASS = YES_ERROR;
				CLANG_WARN_UNREACHABLE_CODE = YES;
				CLANG_WARN__DUPLICATE_METHOD_MATCH = YES;
				"CODE_SIGN_IDENTITY[sdk=iphoneos*]" = "iPhone Developer";
				COPY_PHASE_STRIP = NO;
				DEBUG_INFORMATION_FORMAT = dwarf;
				ENABLE_STRICT_OBJC_MSGSEND = YES;
				ENABLE_TESTABILITY = YES;
				GCC_C_LANGUAGE_STANDARD = gnu99;
				GCC_DYNAMIC_NO_PIC = NO;
				GCC_NO_COMMON_BLOCKS = YES;
				GCC_OPTIMIZATION_LEVEL = 0;
				GCC_PREPROCESSOR_DEFINITIONS = (
					"DEBUG=1",
					"$(inherited)",
				);
				GCC_WARN_64_TO_32_BIT_CONVERSION = YES;
				GCC_WARN_ABOUT_RETURN_TYPE = YES_ERROR;
				GCC_WARN_UNDECLARED_SELECTOR = YES;
				GCC_WARN_UNINITIALIZED_AUTOS = YES_AGGRESSIVE;
				GCC_WARN_UNUSED_FUNCTION = YES;
				GCC_WARN_UNUSED_VARIABLE = YES;
				IPHONEOS_DEPLOYMENT_TARGET = 9.0;
				MTL_ENABLE_DEBUG_INFO = YES;
				ONLY_ACTIVE_ARCH = YES;
				SDKROOT = iphoneos;
			};
			name = Debug;
		};
		D6E104F01C7320FD00049C3F /* Release */ = {
			isa = XCBuildConfiguration;
			buildSettings = {
				ALWAYS_SEARCH_USER_PATHS = NO;
				CLANG_CXX_LANGUAGE_STANDARD = "gnu++0x";
				CLANG_CXX_LIBRARY = "libc++";
				CLANG_ENABLE_MODULES = YES;
				CLANG_ENABLE_OBJC_ARC = YES;
				CLANG_WARN_BOOL_CONVERSION = YES;
				CLANG_WARN_CONSTANT_CONVERSION = YES;
				CLANG_WARN_DIRECT_OBJC_ISA_USAGE = YES_ERROR;
				CLANG_WARN_EMPTY_BODY = YES;
				CLANG_WARN_ENUM_CONVERSION = YES;
				CLANG_WARN_INT_CONVERSION = YES;
				CLANG_WARN_OBJC_ROOT_CLASS = YES_ERROR;
				CLANG_WARN_UNREACHABLE_CODE = YES;
				CLANG_WARN__DUPLICATE_METHOD_MATCH = YES;
				"CODE_SIGN_IDENTITY[sdk=iphoneos*]" = "iPhone Developer";
				COPY_PHASE_STRIP = NO;
				DEBUG_INFORMATION_FORMAT = "dwarf-with-dsym";
				ENABLE_NS_ASSERTIONS = NO;
				ENABLE_STRICT_OBJC_MSGSEND = YES;
				GCC_C_LANGUAGE_STANDARD = gnu99;
				GCC_NO_COMMON_BLOCKS = YES;
				GCC_WARN_64_TO_32_BIT_CONVERSION = YES;
				GCC_WARN_ABOUT_RETURN_TYPE = YES_ERROR;
				GCC_WARN_UNDECLARED_SELECTOR = YES;
				GCC_WARN_UNINITIALIZED_AUTOS = YES_AGGRESSIVE;
				GCC_WARN_UNUSED_FUNCTION = YES;
				GCC_WARN_UNUSED_VARIABLE = YES;
				IPHONEOS_DEPLOYMENT_TARGET = 9.0;
				MTL_ENABLE_DEBUG_INFO = NO;
				SDKROOT = iphoneos;
				VALIDATE_PRODUCT = YES;
			};
			name = Release;
		};
		D6E104F21C7320FD00049C3F /* Debug */ = {
			isa = XCBuildConfiguration;
			buildSettings = {
				ASSETCATALOG_COMPILER_APPICON_NAME = AppIcon;
				INFOPLIST_FILE = MMD/Info.plist;
				LD_RUNPATH_SEARCH_PATHS = "$(inherited) @executable_path/Frameworks";
				PRODUCT_BUNDLE_IDENTIFIER = MMD.com.MMD;
				PRODUCT_NAME = "$(TARGET_NAME)";
			};
			name = Debug;
		};
		D6E104F31C7320FD00049C3F /* Release */ = {
			isa = XCBuildConfiguration;
			buildSettings = {
				ASSETCATALOG_COMPILER_APPICON_NAME = AppIcon;
				INFOPLIST_FILE = MMD/Info.plist;
				LD_RUNPATH_SEARCH_PATHS = "$(inherited) @executable_path/Frameworks";
				PRODUCT_BUNDLE_IDENTIFIER = MMD.com.MMD;
				PRODUCT_NAME = "$(TARGET_NAME)";
			};
			name = Release;
		};
		D6E104F51C7320FD00049C3F /* Debug */ = {
			isa = XCBuildConfiguration;
			buildSettings = {
				BUNDLE_LOADER = "$(TEST_HOST)";
				INFOPLIST_FILE = MMDTests/Info.plist;
				LD_RUNPATH_SEARCH_PATHS = "$(inherited) @executable_path/Frameworks @loader_path/Frameworks";
				PRODUCT_BUNDLE_IDENTIFIER = MMD.com.MMDTests;
				PRODUCT_NAME = "$(TARGET_NAME)";
				TEST_HOST = "$(BUILT_PRODUCTS_DIR)/MMD.app/MMD";
			};
			name = Debug;
		};
		D6E104F61C7320FD00049C3F /* Release */ = {
			isa = XCBuildConfiguration;
			buildSettings = {
				BUNDLE_LOADER = "$(TEST_HOST)";
				INFOPLIST_FILE = MMDTests/Info.plist;
				LD_RUNPATH_SEARCH_PATHS = "$(inherited) @executable_path/Frameworks @loader_path/Frameworks";
				PRODUCT_BUNDLE_IDENTIFIER = MMD.com.MMDTests;
				PRODUCT_NAME = "$(TARGET_NAME)";
				TEST_HOST = "$(BUILT_PRODUCTS_DIR)/MMD.app/MMD";
			};
			name = Release;
		};
		D6E104F81C7320FD00049C3F /* Debug */ = {
			isa = XCBuildConfiguration;
			buildSettings = {
				INFOPLIST_FILE = MMDUITests/Info.plist;
				LD_RUNPATH_SEARCH_PATHS = "$(inherited) @executable_path/Frameworks @loader_path/Frameworks";
				PRODUCT_BUNDLE_IDENTIFIER = MMD.com.MMDUITests;
				PRODUCT_NAME = "$(TARGET_NAME)";
				TEST_TARGET_NAME = MMD;
				USES_XCTRUNNER = YES;
			};
			name = Debug;
		};
		D6E104F91C7320FD00049C3F /* Release */ = {
			isa = XCBuildConfiguration;
			buildSettings = {
				INFOPLIST_FILE = MMDUITests/Info.plist;
				LD_RUNPATH_SEARCH_PATHS = "$(inherited) @executable_path/Frameworks @loader_path/Frameworks";
				PRODUCT_BUNDLE_IDENTIFIER = MMD.com.MMDUITests;
				PRODUCT_NAME = "$(TARGET_NAME)";
				TEST_TARGET_NAME = MMD;
				USES_XCTRUNNER = YES;
			};
			name = Release;
		};
/* End XCBuildConfiguration section */

/* Begin XCConfigurationList section */
		D6E104BC1C7320FD00049C3F /* Build configuration list for PBXProject "MMD" */ = {
			isa = XCConfigurationList;
			buildConfigurations = (
				D6E104EF1C7320FD00049C3F /* Debug */,
				D6E104F01C7320FD00049C3F /* Release */,
			);
			defaultConfigurationIsVisible = 0;
			defaultConfigurationName = Release;
		};
		D6E104F11C7320FD00049C3F /* Build configuration list for PBXNativeTarget "MMD" */ = {
			isa = XCConfigurationList;
			buildConfigurations = (
				D6E104F21C7320FD00049C3F /* Debug */,
				D6E104F31C7320FD00049C3F /* Release */,
			);
			defaultConfigurationIsVisible = 0;
			defaultConfigurationName = Release;
		};
		D6E104F41C7320FD00049C3F /* Build configuration list for PBXNativeTarget "MMDTests" */ = {
			isa = XCConfigurationList;
			buildConfigurations = (
				D6E104F51C7320FD00049C3F /* Debug */,
				D6E104F61C7320FD00049C3F /* Release */,
			);
			defaultConfigurationIsVisible = 0;
			defaultConfigurationName = Release;
		};
		D6E104F71C7320FD00049C3F /* Build configuration list for PBXNativeTarget "MMDUITests" */ = {
			isa = XCConfigurationList;
			buildConfigurations = (
				D6E104F81C7320FD00049C3F /* Debug */,
				D6E104F91C7320FD00049C3F /* Release */,
			);
			defaultConfigurationIsVisible = 0;
			defaultConfigurationName = Release;
		};
/* End XCConfigurationList section */

/* Begin XCVersionGroup section */
		D6E104D01C7320FD00049C3F /* MMD.xcdatamodeld */ = {
			isa = XCVersionGroup;
			children = (
				D6E104D11C7320FD00049C3F /* MMD.xcdatamodel */,
			);
			currentVersion = D6E104D11C7320FD00049C3F /* MMD.xcdatamodel */;
			path = MMD.xcdatamodeld;
			sourceTree = "<group>";
			versionGroupType = wrapper.xcdatamodel;
		};
/* End XCVersionGroup section */
	};
	rootObject = D6E104B91C7320FD00049C3F /* Project object */;
}
