// !$*UTF8*$!
{
	archiveVersion = 1;
	classes = {
	};
	objectVersion = 46;
	objects = {

/* Begin PBXBuildFile section */
		7C1C29D08DC8E5848D086672 /* libPods-MMD.a in Frameworks */ = {isa = PBXBuildFile; fileRef = D876B7B7F58349F963758341 /* libPods-MMD.a */; };
		D606090C1C76FB4B000DB373 /* MMRequest.m in Sources */ = {isa = PBXBuildFile; fileRef = D606090B1C76FB4B000DB373 /* MMRequest.m */; };
		D606099B1C76FF0E000DB373 /* 补充附件@2x.png in Resources */ = {isa = PBXBuildFile; fileRef = D60609111C76FF0E000DB373 /* 补充附件@2x.png */; };
		D606099C1C76FF0E000DB373 /* 补充附件@3x.png in Resources */ = {isa = PBXBuildFile; fileRef = D60609121C76FF0E000DB373 /* 补充附件@3x.png */; };
		D606099E1C76FF0E000DB373 /* 步骤@2x.png in Resources */ = {isa = PBXBuildFile; fileRef = D60609141C76FF0E000DB373 /* 步骤@2x.png */; };
		D606099F1C76FF0E000DB373 /* 步骤@3x.png in Resources */ = {isa = PBXBuildFile; fileRef = D60609151C76FF0E000DB373 /* 步骤@3x.png */; };
		D60609A11C76FF0E000DB373 /* 步骤0@2x.png in Resources */ = {isa = PBXBuildFile; fileRef = D60609171C76FF0E000DB373 /* 步骤0@2x.png */; };
		D60609A21C76FF0E000DB373 /* 步骤0@3x.png in Resources */ = {isa = PBXBuildFile; fileRef = D60609181C76FF0E000DB373 /* 步骤0@3x.png */; };
		D60609A41C76FF0E000DB373 /* 持证牌照信息@2x.png in Resources */ = {isa = PBXBuildFile; fileRef = D606091A1C76FF0E000DB373 /* 持证牌照信息@2x.png */; };
		D60609A51C76FF0E000DB373 /* 持证牌照信息@3x.png in Resources */ = {isa = PBXBuildFile; fileRef = D606091B1C76FF0E000DB373 /* 持证牌照信息@3x.png */; };
		D60609A71C76FF0E000DB373 /* 电话图标@2x.png in Resources */ = {isa = PBXBuildFile; fileRef = D606091D1C76FF0E000DB373 /* 电话图标@2x.png */; };
		D60609A81C76FF0E000DB373 /* 电话图标@3x.png in Resources */ = {isa = PBXBuildFile; fileRef = D606091E1C76FF0E000DB373 /* 电话图标@3x.png */; };
		D60609AA1C76FF0E000DB373 /* 返回@2x.png in Resources */ = {isa = PBXBuildFile; fileRef = D60609201C76FF0E000DB373 /* 返回@2x.png */; };
		D60609AB1C76FF0E000DB373 /* 返回@3x.png in Resources */ = {isa = PBXBuildFile; fileRef = D60609211C76FF0E000DB373 /* 返回@3x.png */; };
		D60609AD1C76FF0E000DB373 /* 分享@2x.png in Resources */ = {isa = PBXBuildFile; fileRef = D60609231C76FF0E000DB373 /* 分享@2x.png */; };
		D60609AE1C76FF0E000DB373 /* 分享@3x.png in Resources */ = {isa = PBXBuildFile; fileRef = D60609241C76FF0E000DB373 /* 分享@3x.png */; };
		D60609B31C76FF0E000DB373 /* 更多0@2x.png in Resources */ = {isa = PBXBuildFile; fileRef = D60609291C76FF0E000DB373 /* 更多0@2x.png */; };
		D60609B41C76FF0E000DB373 /* 更多0@3x.png in Resources */ = {isa = PBXBuildFile; fileRef = D606092A1C76FF0E000DB373 /* 更多0@3x.png */; };
		D60609B61C76FF0E000DB373 /* 更改密码@2x.png in Resources */ = {isa = PBXBuildFile; fileRef = D606092C1C76FF0E000DB373 /* 更改密码@2x.png */; };
		D60609B71C76FF0E000DB373 /* 更改密码@3x.png in Resources */ = {isa = PBXBuildFile; fileRef = D606092D1C76FF0E000DB373 /* 更改密码@3x.png */; };
		D60609B91C76FF0E000DB373 /* 工作信息@2x.png in Resources */ = {isa = PBXBuildFile; fileRef = D606092F1C76FF0E000DB373 /* 工作信息@2x.png */; };
		D60609BA1C76FF0E000DB373 /* 工作信息@3x.png in Resources */ = {isa = PBXBuildFile; fileRef = D60609301C76FF0E000DB373 /* 工作信息@3x.png */; };
		D60609BC1C76FF0E000DB373 /* 关于@2x.png in Resources */ = {isa = PBXBuildFile; fileRef = D60609321C76FF0E000DB373 /* 关于@2x.png */; };
		D60609BD1C76FF0E000DB373 /* 关于@3x.png in Resources */ = {isa = PBXBuildFile; fileRef = D60609331C76FF0E000DB373 /* 关于@3x.png */; };
		D60609C51C76FF0E000DB373 /* 还款须知@2x.png in Resources */ = {isa = PBXBuildFile; fileRef = D606093B1C76FF0E000DB373 /* 还款须知@2x.png */; };
		D60609C61C76FF0E000DB373 /* 还款须知@3x.png in Resources */ = {isa = PBXBuildFile; fileRef = D606093C1C76FF0E000DB373 /* 还款须知@3x.png */; };
		D60609C81C76FF0E000DB373 /* 还款页面go@2x.png in Resources */ = {isa = PBXBuildFile; fileRef = D606093E1C76FF0E000DB373 /* 还款页面go@2x.png */; };
		D60609C91C76FF0E000DB373 /* 还款页面go@3x.png in Resources */ = {isa = PBXBuildFile; fileRef = D606093F1C76FF0E000DB373 /* 还款页面go@3x.png */; };
		D60609CB1C76FF0E000DB373 /* 好评@2x.png in Resources */ = {isa = PBXBuildFile; fileRef = D60609411C76FF0E000DB373 /* 好评@2x.png */; };
		D60609CC1C76FF0E000DB373 /* 好评@3x.png in Resources */ = {isa = PBXBuildFile; fileRef = D60609421C76FF0E000DB373 /* 好评@3x.png */; };
		D60609CE1C76FF0E000DB373 /* 检查更新@2x.png in Resources */ = {isa = PBXBuildFile; fileRef = D60609441C76FF0E000DB373 /* 检查更新@2x.png */; };
		D60609CF1C76FF0E000DB373 /* 检查更新@3x.png in Resources */ = {isa = PBXBuildFile; fileRef = D60609451C76FF0E000DB373 /* 检查更新@3x.png */; };
		D60609D71C76FF0E000DB373 /* 借款须知@2x.png in Resources */ = {isa = PBXBuildFile; fileRef = D606094D1C76FF0E000DB373 /* 借款须知@2x.png */; };
		D60609D81C76FF0E000DB373 /* 借款须知@3x.png in Resources */ = {isa = PBXBuildFile; fileRef = D606094E1C76FF0E000DB373 /* 借款须知@3x.png */; };
		D60609DA1C76FF0E000DB373 /* recommend@2x.png in Resources */ = {isa = PBXBuildFile; fileRef = D60609501C76FF0E000DB373 /* recommend@2x.png */; };
		D60609DB1C76FF0E000DB373 /* recommend@3x.png in Resources */ = {isa = PBXBuildFile; fileRef = D60609511C76FF0E000DB373 /* recommend@3x.png */; };
		D60609DD1C76FF0E000DB373 /* visible@2x.png in Resources */ = {isa = PBXBuildFile; fileRef = D60609531C76FF0E000DB373 /* visible@2x.png */; };
		D60609DE1C76FF0E000DB373 /* visible@3x.png in Resources */ = {isa = PBXBuildFile; fileRef = D60609541C76FF0E000DB373 /* visible@3x.png */; };
		D60609E01C76FF0E000DB373 /* no_visible@2x.png in Resources */ = {isa = PBXBuildFile; fileRef = D60609561C76FF0E000DB373 /* no_visible@2x.png */; };
		D60609E11C76FF0E000DB373 /* no_visible@3x.png in Resources */ = {isa = PBXBuildFile; fileRef = D60609571C76FF0E000DB373 /* no_visible@3x.png */; };
		D60609E31C76FF0E000DB373 /* contact@2x.png in Resources */ = {isa = PBXBuildFile; fileRef = D60609591C76FF0E000DB373 /* contact@2x.png */; };
		D60609E41C76FF0E000DB373 /* contact@3x.png in Resources */ = {isa = PBXBuildFile; fileRef = D606095A1C76FF0E000DB373 /* contact@3x.png */; };
		D60609E61C76FF0E000DB373 /* friendsCircle@2x.png in Resources */ = {isa = PBXBuildFile; fileRef = D606095C1C76FF0E000DB373 /* friendsCircle@2x.png */; };
		D60609E71C76FF0E000DB373 /* friendsCircle@3x.png in Resources */ = {isa = PBXBuildFile; fileRef = D606095D1C76FF0E000DB373 /* friendsCircle@3x.png */; };
		D60609E91C76FF0E000DB373 /* IDInfo@2x.png in Resources */ = {isa = PBXBuildFile; fileRef = D606095F1C76FF0E000DB373 /* IDInfo@2x.png */; };
		D60609EA1C76FF0E000DB373 /* IDInfo@3x.png in Resources */ = {isa = PBXBuildFile; fileRef = D60609601C76FF0E000DB373 /* IDInfo@3x.png */; };
		D60609EC1C76FF0E000DB373 /* phoneNumber@2x.png in Resources */ = {isa = PBXBuildFile; fileRef = D60609621C76FF0E000DB373 /* phoneNumber@2x.png */; };
		D60609ED1C76FF0E000DB373 /* phoneNumber@3x.png in Resources */ = {isa = PBXBuildFile; fileRef = D60609631C76FF0E000DB373 /* phoneNumber@3x.png */; };
		D60609EF1C76FF0E000DB373 /* txweibo@2x.png in Resources */ = {isa = PBXBuildFile; fileRef = D60609651C76FF0E000DB373 /* txweibo@2x.png */; };
		D60609F01C76FF0E000DB373 /* txweibo@3x.png in Resources */ = {isa = PBXBuildFile; fileRef = D60609661C76FF0E000DB373 /* txweibo@3x.png */; };
		D60609F21C76FF0E000DB373 /* addPic@2x.png in Resources */ = {isa = PBXBuildFile; fileRef = D60609681C76FF0E000DB373 /* addPic@2x.png */; };
		D60609F31C76FF0E000DB373 /* addPic@3x.png in Resources */ = {isa = PBXBuildFile; fileRef = D60609691C76FF0E000DB373 /* addPic@3x.png */; };
		D60609F51C76FF0E000DB373 /* approve_on@2x.png in Resources */ = {isa = PBXBuildFile; fileRef = D606096B1C76FF0E000DB373 /* approve_on@2x.png */; };
		D60609F61C76FF0E000DB373 /* approve_on@3x.png in Resources */ = {isa = PBXBuildFile; fileRef = D606096C1C76FF0E000DB373 /* approve_on@3x.png */; };
		D60609F81C76FF0E000DB373 /* approve_off@2x.png in Resources */ = {isa = PBXBuildFile; fileRef = D606096E1C76FF0E000DB373 /* approve_off@2x.png */; };
		D60609F91C76FF0E000DB373 /* approve_off@3x.png in Resources */ = {isa = PBXBuildFile; fileRef = D606096F1C76FF0E000DB373 /* approve_off@3x.png */; };
		D60609FB1C76FF0E000DB373 /* weibo@2x.png in Resources */ = {isa = PBXBuildFile; fileRef = D60609711C76FF0E000DB373 /* weibo@2x.png */; };
		D60609FC1C76FF0E000DB373 /* weibo@3x.png in Resources */ = {isa = PBXBuildFile; fileRef = D60609721C76FF0E000DB373 /* weibo@3x.png */; };
		D60609FE1C76FF0E000DB373 /* wechat@2x.png in Resources */ = {isa = PBXBuildFile; fileRef = D60609741C76FF0E000DB373 /* wechat@2x.png */; };
		D60609FF1C76FF0E000DB373 /* wechat@3x.png in Resources */ = {isa = PBXBuildFile; fileRef = D60609751C76FF0E000DB373 /* wechat@3x.png */; };
		D6060A011C76FF0E000DB373 /* folder@2x.png in Resources */ = {isa = PBXBuildFile; fileRef = D60609771C76FF0E000DB373 /* folder@2x.png */; };
		D6060A021C76FF0E000DB373 /* folder@3x.png in Resources */ = {isa = PBXBuildFile; fileRef = D60609781C76FF0E000DB373 /* folder@3x.png */; };
		D6060A071C76FF0E000DB373 /* mine_off@2x.png in Resources */ = {isa = PBXBuildFile; fileRef = D606097D1C76FF0E000DB373 /* mine_off@2x.png */; };
		D6060A081C76FF0E000DB373 /* mine_off@3x.png in Resources */ = {isa = PBXBuildFile; fileRef = D606097E1C76FF0E000DB373 /* mine_off@3x.png */; };
		D6060A0A1C76FF0E000DB373 /* pullDown@2x.png in Resources */ = {isa = PBXBuildFile; fileRef = D60609801C76FF0E000DB373 /* pullDown@2x.png */; };
		D6060A0B1C76FF0E000DB373 /* pullDown@3x.png in Resources */ = {isa = PBXBuildFile; fileRef = D60609811C76FF0E000DB373 /* pullDown@3x.png */; };
		D6060A0D1C76FF0E000DB373 /* notificationCenter@2x.png in Resources */ = {isa = PBXBuildFile; fileRef = D60609831C76FF0E000DB373 /* notificationCenter@2x.png */; };
		D6060A0E1C76FF0E000DB373 /* notificationCenter@3x.png in Resources */ = {isa = PBXBuildFile; fileRef = D60609841C76FF0E000DB373 /* notificationCenter@3x.png */; };
		D6060A101C76FF0E000DB373 /* creditlevel@2x.png in Resources */ = {isa = PBXBuildFile; fileRef = D60609861C76FF0E000DB373 /* creditlevel@2x.png */; };
		D6060A111C76FF0E000DB373 /* creditlevel@3x.png in Resources */ = {isa = PBXBuildFile; fileRef = D60609871C76FF0E000DB373 /* creditlevel@3x.png */; };
		D6060A131C76FF0E000DB373 /* creditline@2x.png in Resources */ = {isa = PBXBuildFile; fileRef = D60609891C76FF0E000DB373 /* creditline@2x.png */; };
		D6060A141C76FF0E000DB373 /* creditline@3x.png in Resources */ = {isa = PBXBuildFile; fileRef = D606098A1C76FF0E000DB373 /* creditline@3x.png */; };
		D6060A161C76FF0E000DB373 /* creditCardInfo@2x.png in Resources */ = {isa = PBXBuildFile; fileRef = D606098C1C76FF0E000DB373 /* creditCardInfo@2x.png */; };
		D6060A171C76FF0E000DB373 /* creditCardInfo@3x.png in Resources */ = {isa = PBXBuildFile; fileRef = D606098D1C76FF0E000DB373 /* creditCardInfo@3x.png */; };
		D6060A191C76FF0E000DB373 /* go@2x.png in Resources */ = {isa = PBXBuildFile; fileRef = D606098F1C76FF0E000DB373 /* go@2x.png */; };
		D6060A1A1C76FF0E000DB373 /* go@3x.png in Resources */ = {isa = PBXBuildFile; fileRef = D60609901C76FF0E000DB373 /* go@3x.png */; };
		D6060A1C1C76FF0E000DB373 /* logo@2x.png in Resources */ = {isa = PBXBuildFile; fileRef = D60609921C76FF0E000DB373 /* logo@2x.png */; };
		D6060A1D1C76FF0E000DB373 /* logo@3x.png in Resources */ = {isa = PBXBuildFile; fileRef = D60609931C76FF0E000DB373 /* logo@3x.png */; };
		D6060A1F1C76FF0E000DB373 /* qq@2x.png in Resources */ = {isa = PBXBuildFile; fileRef = D60609951C76FF0E000DB373 /* qq@2x.png */; };
		D6060A201C76FF0E000DB373 /* qq@3x.png in Resources */ = {isa = PBXBuildFile; fileRef = D60609961C76FF0E000DB373 /* qq@3x.png */; };
		D6060A221C76FF0E000DB373 /* qq空间@2x.png in Resources */ = {isa = PBXBuildFile; fileRef = D60609981C76FF0E000DB373 /* qq空间@2x.png */; };
		D6060A231C76FF0E000DB373 /* qq空间@3x.png in Resources */ = {isa = PBXBuildFile; fileRef = D60609991C76FF0E000DB373 /* qq空间@3x.png */; };
		D6060A271C770204000DB373 /* NewApplyViewController.m in Sources */ = {isa = PBXBuildFile; fileRef = D6060A251C770204000DB373 /* NewApplyViewController.m */; };
		D6060A281C770204000DB373 /* NewApplyViewController.xib in Resources */ = {isa = PBXBuildFile; fileRef = D6060A261C770204000DB373 /* NewApplyViewController.xib */; };
		D6060A2C1C770F5E000DB373 /* BaseNavgationController.m in Sources */ = {isa = PBXBuildFile; fileRef = D6060A2B1C770F5E000DB373 /* BaseNavgationController.m */; };
		D6060A2F1C771329000DB373 /* UIImage+Color.m in Sources */ = {isa = PBXBuildFile; fileRef = D6060A2E1C771329000DB373 /* UIImage+Color.m */; };
		D6060A331C77188E000DB373 /* HeaderView.m in Sources */ = {isa = PBXBuildFile; fileRef = D6060A321C77188E000DB373 /* HeaderView.m */; };
		D6060A351C77189C000DB373 /* HeaderView.xib in Resources */ = {isa = PBXBuildFile; fileRef = D6060A341C77189C000DB373 /* HeaderView.xib */; };
		D6060A381C771F3E000DB373 /* UIView+LoadViewFromNib.m in Sources */ = {isa = PBXBuildFile; fileRef = D6060A371C771F3E000DB373 /* UIView+LoadViewFromNib.m */; };
		D6A0FB651C8459C0007D8DCB /* checkoutPhoneNumber.m in Sources */ = {isa = PBXBuildFile; fileRef = D6A0FB641C8459C0007D8DCB /* checkoutPhoneNumber.m */; };
		D6A0FB6B1C845C93007D8DCB /* MMDUser.m in Sources */ = {isa = PBXBuildFile; fileRef = D6A0FB6A1C845C93007D8DCB /* MMDUser.m */; };
		D6A0FB731C8464BD007D8DCB /* RegisterViewController.m in Sources */ = {isa = PBXBuildFile; fileRef = D6A0FB711C8464BD007D8DCB /* RegisterViewController.m */; };
		D6A0FB741C8464BD007D8DCB /* RegisterViewController.xib in Resources */ = {isa = PBXBuildFile; fileRef = D6A0FB721C8464BD007D8DCB /* RegisterViewController.xib */; };
		D6B692181C8D7A5B00B3877D /* mmd_logo@2x.png in Resources */ = {isa = PBXBuildFile; fileRef = D6B692161C8D7A5B00B3877D /* mmd_logo@2x.png */; };
		D6B692191C8D7A5B00B3877D /* mmd_logo@3x.png in Resources */ = {isa = PBXBuildFile; fileRef = D6B692171C8D7A5B00B3877D /* mmd_logo@3x.png */; };
		D6DD24A31C87439C0042E263 /* RegisterModel.m in Sources */ = {isa = PBXBuildFile; fileRef = D6DD24A21C87439C0042E263 /* RegisterModel.m */; };
		D6E104C61C7320FD00049C3F /* main.m in Sources */ = {isa = PBXBuildFile; fileRef = D6E104C51C7320FD00049C3F /* main.m */; };
		D6E104C91C7320FD00049C3F /* AppDelegate.m in Sources */ = {isa = PBXBuildFile; fileRef = D6E104C81C7320FD00049C3F /* AppDelegate.m */; };
		D6E104CF1C7320FD00049C3F /* Main.storyboard in Resources */ = {isa = PBXBuildFile; fileRef = D6E104CD1C7320FD00049C3F /* Main.storyboard */; };
		D6E104D21C7320FD00049C3F /* MMD.xcdatamodeld in Sources */ = {isa = PBXBuildFile; fileRef = D6E104D01C7320FD00049C3F /* MMD.xcdatamodeld */; };
		D6E104D41C7320FD00049C3F /* Assets.xcassets in Resources */ = {isa = PBXBuildFile; fileRef = D6E104D31C7320FD00049C3F /* Assets.xcassets */; };
		D6E104D71C7320FD00049C3F /* LaunchScreen.storyboard in Resources */ = {isa = PBXBuildFile; fileRef = D6E104D51C7320FD00049C3F /* LaunchScreen.storyboard */; };
		D6E104E21C7320FD00049C3F /* MMDTests.m in Sources */ = {isa = PBXBuildFile; fileRef = D6E104E11C7320FD00049C3F /* MMDTests.m */; };
		D6E104ED1C7320FD00049C3F /* MMDUITests.m in Sources */ = {isa = PBXBuildFile; fileRef = D6E104EC1C7320FD00049C3F /* MMDUITests.m */; };
		D6E105011C73217C00049C3F /* MMTabbar.m in Sources */ = {isa = PBXBuildFile; fileRef = D6E104FE1C73217C00049C3F /* MMTabbar.m */; };
		D6E105021C73217C00049C3F /* MMTabbarController.m in Sources */ = {isa = PBXBuildFile; fileRef = D6E105001C73217C00049C3F /* MMTabbarController.m */; };
		D6E1061A1C73293000049C3F /* MMLogViewController.m in Sources */ = {isa = PBXBuildFile; fileRef = D6E106181C73293000049C3F /* MMLogViewController.m */; };
		D6E1061B1C73293000049C3F /* MMLogViewController.xib in Resources */ = {isa = PBXBuildFile; fileRef = D6E106191C73293000049C3F /* MMLogViewController.xib */; };
		D6E106531C747CCE00049C3F /* LoanViewController.m in Sources */ = {isa = PBXBuildFile; fileRef = D6E106521C747CCE00049C3F /* LoanViewController.m */; };
		D6E1065A1C747EEA00049C3F /* MMSegmentControl.m in Sources */ = {isa = PBXBuildFile; fileRef = D6E106591C747EEA00049C3F /* MMSegmentControl.m */; };
		D6E106601C74888200049C3F /* ActivityViewController.m in Sources */ = {isa = PBXBuildFile; fileRef = D6E1065E1C74888200049C3F /* ActivityViewController.m */; };
		D6E106611C74888200049C3F /* ActivityViewController.xib in Resources */ = {isa = PBXBuildFile; fileRef = D6E1065F1C74888200049C3F /* ActivityViewController.xib */; };
		D6E106651C7488C700049C3F /* QueryViewController.m in Sources */ = {isa = PBXBuildFile; fileRef = D6E106631C7488C700049C3F /* QueryViewController.m */; };
		D6E106661C7488C700049C3F /* QueryViewController.xib in Resources */ = {isa = PBXBuildFile; fileRef = D6E106641C7488C700049C3F /* QueryViewController.xib */; };
		D6E1066B1C74893900049C3F /* ApplyViewController.m in Sources */ = {isa = PBXBuildFile; fileRef = D6E106691C74893900049C3F /* ApplyViewController.m */; };
		D6E1066C1C74893900049C3F /* ApplyViewController.xib in Resources */ = {isa = PBXBuildFile; fileRef = D6E1066A1C74893900049C3F /* ApplyViewController.xib */; };
		D6EA01F81C8695FC00EE0E2E /* RegisterItem.m in Sources */ = {isa = PBXBuildFile; fileRef = D6EA01F71C8695FC00EE0E2E /* RegisterItem.m */; };
		D6EA01FB1C86984500EE0E2E /* LimitInputWords.m in Sources */ = {isa = PBXBuildFile; fileRef = D6EA01FA1C86984500EE0E2E /* LimitInputWords.m */; };
		D6F01DDC1C7C69D400EBC84E /* UpdateLoanInfo.m in Sources */ = {isa = PBXBuildFile; fileRef = D6F01DDB1C7C69D400EBC84E /* UpdateLoanInfo.m */; };
		D6F01DE51C7C6BFA00EBC84E /* add_press@2x.png in Resources */ = {isa = PBXBuildFile; fileRef = D6F01DDD1C7C6BFA00EBC84E /* add_press@2x.png */; };
		D6F01DE61C7C6BFA00EBC84E /* add_press@3x.png in Resources */ = {isa = PBXBuildFile; fileRef = D6F01DDE1C7C6BFA00EBC84E /* add_press@3x.png */; };
		D6F01DE71C7C6BFA00EBC84E /* add@2x.png in Resources */ = {isa = PBXBuildFile; fileRef = D6F01DDF1C7C6BFA00EBC84E /* add@2x.png */; };
		D6F01DE81C7C6BFA00EBC84E /* add@3x.png in Resources */ = {isa = PBXBuildFile; fileRef = D6F01DE01C7C6BFA00EBC84E /* add@3x.png */; };
		D6F01DE91C7C6BFA00EBC84E /* minus_press@2x.png in Resources */ = {isa = PBXBuildFile; fileRef = D6F01DE11C7C6BFA00EBC84E /* minus_press@2x.png */; };
		D6F01DEA1C7C6BFA00EBC84E /* minus_press@3x.png in Resources */ = {isa = PBXBuildFile; fileRef = D6F01DE21C7C6BFA00EBC84E /* minus_press@3x.png */; };
		D6F01DEB1C7C6BFA00EBC84E /* minus@2x.png in Resources */ = {isa = PBXBuildFile; fileRef = D6F01DE31C7C6BFA00EBC84E /* minus@2x.png */; };
		D6F01DEC1C7C6BFA00EBC84E /* minus@3x.png in Resources */ = {isa = PBXBuildFile; fileRef = D6F01DE41C7C6BFA00EBC84E /* minus@3x.png */; };
		D6F567171C80047500B0612F /* 还款0@2x.png in Resources */ = {isa = PBXBuildFile; fileRef = D6F5670F1C80047500B0612F /* 还款0@2x.png */; };
		D6F567181C80047500B0612F /* 还款0@3x.png in Resources */ = {isa = PBXBuildFile; fileRef = D6F567101C80047500B0612F /* 还款0@3x.png */; };
		D6F5671B1C80047500B0612F /* 借款0@2x.png in Resources */ = {isa = PBXBuildFile; fileRef = D6F567131C80047500B0612F /* 借款0@2x.png */; };
		D6F5671C1C80047500B0612F /* 借款0@3x.png in Resources */ = {isa = PBXBuildFile; fileRef = D6F567141C80047500B0612F /* 借款0@3x.png */; };
		D6F567201C8004ED00B0612F /* 借款@2x.png in Resources */ = {isa = PBXBuildFile; fileRef = D6F5671E1C8004ED00B0612F /* 借款@2x.png */; };
		D6F567211C8004ED00B0612F /* 借款@3x.png in Resources */ = {isa = PBXBuildFile; fileRef = D6F5671F1C8004ED00B0612F /* 借款@3x.png */; };
		D6F567241C80054D00B0612F /* 还款@2x.png in Resources */ = {isa = PBXBuildFile; fileRef = D6F567221C80054D00B0612F /* 还款@2x.png */; };
		D6F567251C80054D00B0612F /* 还款@3x.png in Resources */ = {isa = PBXBuildFile; fileRef = D6F567231C80054D00B0612F /* 还款@3x.png */; };
		D6F567281C80055800B0612F /* 我的@2x.png in Resources */ = {isa = PBXBuildFile; fileRef = D6F567261C80055800B0612F /* 我的@2x.png */; };
		D6F567291C80055800B0612F /* 我的@3x.png in Resources */ = {isa = PBXBuildFile; fileRef = D6F567271C80055800B0612F /* 我的@3x.png */; };
		D6F5672C1C80056300B0612F /* 更多@2x.png in Resources */ = {isa = PBXBuildFile; fileRef = D6F5672A1C80056300B0612F /* 更多@2x.png */; };
		D6F5672D1C80056300B0612F /* 更多@3x.png in Resources */ = {isa = PBXBuildFile; fileRef = D6F5672B1C80056300B0612F /* 更多@3x.png */; };
/* End PBXBuildFile section */

/* Begin PBXContainerItemProxy section */
		D6E104DE1C7320FD00049C3F /* PBXContainerItemProxy */ = {
			isa = PBXContainerItemProxy;
			containerPortal = D6E104B91C7320FD00049C3F /* Project object */;
			proxyType = 1;
			remoteGlobalIDString = D6E104C01C7320FD00049C3F;
			remoteInfo = MMD;
		};
		D6E104E91C7320FD00049C3F /* PBXContainerItemProxy */ = {
			isa = PBXContainerItemProxy;
			containerPortal = D6E104B91C7320FD00049C3F /* Project object */;
			proxyType = 1;
			remoteGlobalIDString = D6E104C01C7320FD00049C3F;
			remoteInfo = MMD;
		};
/* End PBXContainerItemProxy section */

/* Begin PBXFileReference section */
		197FE7C65B5A58A153BD57BD /* Pods-MMD.release.xcconfig */ = {isa = PBXFileReference; includeInIndex = 1; lastKnownFileType = text.xcconfig; name = "Pods-MMD.release.xcconfig"; path = "Pods/Target Support Files/Pods-MMD/Pods-MMD.release.xcconfig"; sourceTree = "<group>"; };
		7B9823A9F698276E5762BEEE /* Pods-MMD.debug.xcconfig */ = {isa = PBXFileReference; includeInIndex = 1; lastKnownFileType = text.xcconfig; name = "Pods-MMD.debug.xcconfig"; path = "Pods/Target Support Files/Pods-MMD/Pods-MMD.debug.xcconfig"; sourceTree = "<group>"; };
		D606090A1C76FB4B000DB373 /* MMRequest.h */ = {isa = PBXFileReference; fileEncoding = 4; lastKnownFileType = sourcecode.c.h; name = MMRequest.h; path = MMD/Expand/Network/MMRequest.h; sourceTree = SOURCE_ROOT; };
		D606090B1C76FB4B000DB373 /* MMRequest.m */ = {isa = PBXFileReference; fileEncoding = 4; lastKnownFileType = sourcecode.c.objc; name = MMRequest.m; path = MMD/Expand/Network/MMRequest.m; sourceTree = SOURCE_ROOT; };
		D60609111C76FF0E000DB373 /* 补充附件@2x.png */ = {isa = PBXFileReference; lastKnownFileType = image.png; path = "补充附件@2x.png"; sourceTree = "<group>"; };
		D60609121C76FF0E000DB373 /* 补充附件@3x.png */ = {isa = PBXFileReference; lastKnownFileType = image.png; path = "补充附件@3x.png"; sourceTree = "<group>"; };
		D60609141C76FF0E000DB373 /* 步骤@2x.png */ = {isa = PBXFileReference; lastKnownFileType = image.png; path = "步骤@2x.png"; sourceTree = "<group>"; };
		D60609151C76FF0E000DB373 /* 步骤@3x.png */ = {isa = PBXFileReference; lastKnownFileType = image.png; path = "步骤@3x.png"; sourceTree = "<group>"; };
		D60609171C76FF0E000DB373 /* 步骤0@2x.png */ = {isa = PBXFileReference; lastKnownFileType = image.png; path = "步骤0@2x.png"; sourceTree = "<group>"; };
		D60609181C76FF0E000DB373 /* 步骤0@3x.png */ = {isa = PBXFileReference; lastKnownFileType = image.png; path = "步骤0@3x.png"; sourceTree = "<group>"; };
		D606091A1C76FF0E000DB373 /* 持证牌照信息@2x.png */ = {isa = PBXFileReference; lastKnownFileType = image.png; path = "持证牌照信息@2x.png"; sourceTree = "<group>"; };
		D606091B1C76FF0E000DB373 /* 持证牌照信息@3x.png */ = {isa = PBXFileReference; lastKnownFileType = image.png; path = "持证牌照信息@3x.png"; sourceTree = "<group>"; };
		D606091D1C76FF0E000DB373 /* 电话图标@2x.png */ = {isa = PBXFileReference; lastKnownFileType = image.png; path = "电话图标@2x.png"; sourceTree = "<group>"; };
		D606091E1C76FF0E000DB373 /* 电话图标@3x.png */ = {isa = PBXFileReference; lastKnownFileType = image.png; path = "电话图标@3x.png"; sourceTree = "<group>"; };
		D60609201C76FF0E000DB373 /* 返回@2x.png */ = {isa = PBXFileReference; lastKnownFileType = image.png; path = "返回@2x.png"; sourceTree = "<group>"; };
		D60609211C76FF0E000DB373 /* 返回@3x.png */ = {isa = PBXFileReference; lastKnownFileType = image.png; path = "返回@3x.png"; sourceTree = "<group>"; };
		D60609231C76FF0E000DB373 /* 分享@2x.png */ = {isa = PBXFileReference; lastKnownFileType = image.png; path = "分享@2x.png"; sourceTree = "<group>"; };
		D60609241C76FF0E000DB373 /* 分享@3x.png */ = {isa = PBXFileReference; lastKnownFileType = image.png; path = "分享@3x.png"; sourceTree = "<group>"; };
		D60609291C76FF0E000DB373 /* 更多0@2x.png */ = {isa = PBXFileReference; lastKnownFileType = image.png; path = "更多0@2x.png"; sourceTree = "<group>"; };
		D606092A1C76FF0E000DB373 /* 更多0@3x.png */ = {isa = PBXFileReference; lastKnownFileType = image.png; path = "更多0@3x.png"; sourceTree = "<group>"; };
		D606092C1C76FF0E000DB373 /* 更改密码@2x.png */ = {isa = PBXFileReference; lastKnownFileType = image.png; path = "更改密码@2x.png"; sourceTree = "<group>"; };
		D606092D1C76FF0E000DB373 /* 更改密码@3x.png */ = {isa = PBXFileReference; lastKnownFileType = image.png; path = "更改密码@3x.png"; sourceTree = "<group>"; };
		D606092F1C76FF0E000DB373 /* 工作信息@2x.png */ = {isa = PBXFileReference; lastKnownFileType = image.png; path = "工作信息@2x.png"; sourceTree = "<group>"; };
		D60609301C76FF0E000DB373 /* 工作信息@3x.png */ = {isa = PBXFileReference; lastKnownFileType = image.png; path = "工作信息@3x.png"; sourceTree = "<group>"; };
		D60609321C76FF0E000DB373 /* 关于@2x.png */ = {isa = PBXFileReference; lastKnownFileType = image.png; path = "关于@2x.png"; sourceTree = "<group>"; };
		D60609331C76FF0E000DB373 /* 关于@3x.png */ = {isa = PBXFileReference; lastKnownFileType = image.png; path = "关于@3x.png"; sourceTree = "<group>"; };
		D606093B1C76FF0E000DB373 /* 还款须知@2x.png */ = {isa = PBXFileReference; lastKnownFileType = image.png; path = "还款须知@2x.png"; sourceTree = "<group>"; };
		D606093C1C76FF0E000DB373 /* 还款须知@3x.png */ = {isa = PBXFileReference; lastKnownFileType = image.png; path = "还款须知@3x.png"; sourceTree = "<group>"; };
		D606093E1C76FF0E000DB373 /* 还款页面go@2x.png */ = {isa = PBXFileReference; lastKnownFileType = image.png; path = "还款页面go@2x.png"; sourceTree = "<group>"; };
		D606093F1C76FF0E000DB373 /* 还款页面go@3x.png */ = {isa = PBXFileReference; lastKnownFileType = image.png; path = "还款页面go@3x.png"; sourceTree = "<group>"; };
		D60609411C76FF0E000DB373 /* 好评@2x.png */ = {isa = PBXFileReference; lastKnownFileType = image.png; path = "好评@2x.png"; sourceTree = "<group>"; };
		D60609421C76FF0E000DB373 /* 好评@3x.png */ = {isa = PBXFileReference; lastKnownFileType = image.png; path = "好评@3x.png"; sourceTree = "<group>"; };
		D60609441C76FF0E000DB373 /* 检查更新@2x.png */ = {isa = PBXFileReference; lastKnownFileType = image.png; path = "检查更新@2x.png"; sourceTree = "<group>"; };
		D60609451C76FF0E000DB373 /* 检查更新@3x.png */ = {isa = PBXFileReference; lastKnownFileType = image.png; path = "检查更新@3x.png"; sourceTree = "<group>"; };
		D606094D1C76FF0E000DB373 /* 借款须知@2x.png */ = {isa = PBXFileReference; lastKnownFileType = image.png; path = "借款须知@2x.png"; sourceTree = "<group>"; };
		D606094E1C76FF0E000DB373 /* 借款须知@3x.png */ = {isa = PBXFileReference; lastKnownFileType = image.png; path = "借款须知@3x.png"; sourceTree = "<group>"; };
		D60609501C76FF0E000DB373 /* recommend@2x.png */ = {isa = PBXFileReference; lastKnownFileType = image.png; path = "recommend@2x.png"; sourceTree = "<group>"; };
		D60609511C76FF0E000DB373 /* recommend@3x.png */ = {isa = PBXFileReference; lastKnownFileType = image.png; path = "recommend@3x.png"; sourceTree = "<group>"; };
		D60609531C76FF0E000DB373 /* visible@2x.png */ = {isa = PBXFileReference; lastKnownFileType = image.png; path = "visible@2x.png"; sourceTree = "<group>"; };
		D60609541C76FF0E000DB373 /* visible@3x.png */ = {isa = PBXFileReference; lastKnownFileType = image.png; path = "visible@3x.png"; sourceTree = "<group>"; };
		D60609561C76FF0E000DB373 /* no_visible@2x.png */ = {isa = PBXFileReference; lastKnownFileType = image.png; path = "no_visible@2x.png"; sourceTree = "<group>"; };
		D60609571C76FF0E000DB373 /* no_visible@3x.png */ = {isa = PBXFileReference; lastKnownFileType = image.png; path = "no_visible@3x.png"; sourceTree = "<group>"; };
		D60609591C76FF0E000DB373 /* contact@2x.png */ = {isa = PBXFileReference; lastKnownFileType = image.png; path = "contact@2x.png"; sourceTree = "<group>"; };
		D606095A1C76FF0E000DB373 /* contact@3x.png */ = {isa = PBXFileReference; lastKnownFileType = image.png; path = "contact@3x.png"; sourceTree = "<group>"; };
		D606095C1C76FF0E000DB373 /* friendsCircle@2x.png */ = {isa = PBXFileReference; lastKnownFileType = image.png; path = "friendsCircle@2x.png"; sourceTree = "<group>"; };
		D606095D1C76FF0E000DB373 /* friendsCircle@3x.png */ = {isa = PBXFileReference; lastKnownFileType = image.png; path = "friendsCircle@3x.png"; sourceTree = "<group>"; };
		D606095F1C76FF0E000DB373 /* IDInfo@2x.png */ = {isa = PBXFileReference; lastKnownFileType = image.png; path = "IDInfo@2x.png"; sourceTree = "<group>"; };
		D60609601C76FF0E000DB373 /* IDInfo@3x.png */ = {isa = PBXFileReference; lastKnownFileType = image.png; path = "IDInfo@3x.png"; sourceTree = "<group>"; };
		D60609621C76FF0E000DB373 /* phoneNumber@2x.png */ = {isa = PBXFileReference; lastKnownFileType = image.png; path = "phoneNumber@2x.png"; sourceTree = "<group>"; };
		D60609631C76FF0E000DB373 /* phoneNumber@3x.png */ = {isa = PBXFileReference; lastKnownFileType = image.png; path = "phoneNumber@3x.png"; sourceTree = "<group>"; };
		D60609651C76FF0E000DB373 /* txweibo@2x.png */ = {isa = PBXFileReference; lastKnownFileType = image.png; path = "txweibo@2x.png"; sourceTree = "<group>"; };
		D60609661C76FF0E000DB373 /* txweibo@3x.png */ = {isa = PBXFileReference; lastKnownFileType = image.png; path = "txweibo@3x.png"; sourceTree = "<group>"; };
		D60609681C76FF0E000DB373 /* addPic@2x.png */ = {isa = PBXFileReference; lastKnownFileType = image.png; path = "addPic@2x.png"; sourceTree = "<group>"; };
		D60609691C76FF0E000DB373 /* addPic@3x.png */ = {isa = PBXFileReference; lastKnownFileType = image.png; path = "addPic@3x.png"; sourceTree = "<group>"; };
		D606096B1C76FF0E000DB373 /* approve_on@2x.png */ = {isa = PBXFileReference; lastKnownFileType = image.png; path = "approve_on@2x.png"; sourceTree = "<group>"; };
		D606096C1C76FF0E000DB373 /* approve_on@3x.png */ = {isa = PBXFileReference; lastKnownFileType = image.png; path = "approve_on@3x.png"; sourceTree = "<group>"; };
		D606096E1C76FF0E000DB373 /* approve_off@2x.png */ = {isa = PBXFileReference; lastKnownFileType = image.png; path = "approve_off@2x.png"; sourceTree = "<group>"; };
		D606096F1C76FF0E000DB373 /* approve_off@3x.png */ = {isa = PBXFileReference; lastKnownFileType = image.png; path = "approve_off@3x.png"; sourceTree = "<group>"; };
		D60609711C76FF0E000DB373 /* weibo@2x.png */ = {isa = PBXFileReference; lastKnownFileType = image.png; path = "weibo@2x.png"; sourceTree = "<group>"; };
		D60609721C76FF0E000DB373 /* weibo@3x.png */ = {isa = PBXFileReference; lastKnownFileType = image.png; path = "weibo@3x.png"; sourceTree = "<group>"; };
		D60609741C76FF0E000DB373 /* wechat@2x.png */ = {isa = PBXFileReference; lastKnownFileType = image.png; path = "wechat@2x.png"; sourceTree = "<group>"; };
		D60609751C76FF0E000DB373 /* wechat@3x.png */ = {isa = PBXFileReference; lastKnownFileType = image.png; path = "wechat@3x.png"; sourceTree = "<group>"; };
		D60609771C76FF0E000DB373 /* folder@2x.png */ = {isa = PBXFileReference; lastKnownFileType = image.png; path = "folder@2x.png"; sourceTree = "<group>"; };
		D60609781C76FF0E000DB373 /* folder@3x.png */ = {isa = PBXFileReference; lastKnownFileType = image.png; path = "folder@3x.png"; sourceTree = "<group>"; };
		D606097D1C76FF0E000DB373 /* mine_off@2x.png */ = {isa = PBXFileReference; lastKnownFileType = image.png; path = "mine_off@2x.png"; sourceTree = "<group>"; };
		D606097E1C76FF0E000DB373 /* mine_off@3x.png */ = {isa = PBXFileReference; lastKnownFileType = image.png; path = "mine_off@3x.png"; sourceTree = "<group>"; };
		D60609801C76FF0E000DB373 /* pullDown@2x.png */ = {isa = PBXFileReference; lastKnownFileType = image.png; path = "pullDown@2x.png"; sourceTree = "<group>"; };
		D60609811C76FF0E000DB373 /* pullDown@3x.png */ = {isa = PBXFileReference; lastKnownFileType = image.png; path = "pullDown@3x.png"; sourceTree = "<group>"; };
		D60609831C76FF0E000DB373 /* notificationCenter@2x.png */ = {isa = PBXFileReference; lastKnownFileType = image.png; path = "notificationCenter@2x.png"; sourceTree = "<group>"; };
		D60609841C76FF0E000DB373 /* notificationCenter@3x.png */ = {isa = PBXFileReference; lastKnownFileType = image.png; path = "notificationCenter@3x.png"; sourceTree = "<group>"; };
		D60609861C76FF0E000DB373 /* creditlevel@2x.png */ = {isa = PBXFileReference; lastKnownFileType = image.png; path = "creditlevel@2x.png"; sourceTree = "<group>"; };
		D60609871C76FF0E000DB373 /* creditlevel@3x.png */ = {isa = PBXFileReference; lastKnownFileType = image.png; path = "creditlevel@3x.png"; sourceTree = "<group>"; };
		D60609891C76FF0E000DB373 /* creditline@2x.png */ = {isa = PBXFileReference; lastKnownFileType = image.png; path = "creditline@2x.png"; sourceTree = "<group>"; };
		D606098A1C76FF0E000DB373 /* creditline@3x.png */ = {isa = PBXFileReference; lastKnownFileType = image.png; path = "creditline@3x.png"; sourceTree = "<group>"; };
		D606098C1C76FF0E000DB373 /* creditCardInfo@2x.png */ = {isa = PBXFileReference; lastKnownFileType = image.png; path = "creditCardInfo@2x.png"; sourceTree = "<group>"; };
		D606098D1C76FF0E000DB373 /* creditCardInfo@3x.png */ = {isa = PBXFileReference; lastKnownFileType = image.png; path = "creditCardInfo@3x.png"; sourceTree = "<group>"; };
		D606098F1C76FF0E000DB373 /* go@2x.png */ = {isa = PBXFileReference; lastKnownFileType = image.png; path = "go@2x.png"; sourceTree = "<group>"; };
		D60609901C76FF0E000DB373 /* go@3x.png */ = {isa = PBXFileReference; lastKnownFileType = image.png; path = "go@3x.png"; sourceTree = "<group>"; };
		D60609921C76FF0E000DB373 /* logo@2x.png */ = {isa = PBXFileReference; lastKnownFileType = image.png; path = "logo@2x.png"; sourceTree = "<group>"; };
		D60609931C76FF0E000DB373 /* logo@3x.png */ = {isa = PBXFileReference; lastKnownFileType = image.png; path = "logo@3x.png"; sourceTree = "<group>"; };
		D60609951C76FF0E000DB373 /* qq@2x.png */ = {isa = PBXFileReference; lastKnownFileType = image.png; path = "qq@2x.png"; sourceTree = "<group>"; };
		D60609961C76FF0E000DB373 /* qq@3x.png */ = {isa = PBXFileReference; lastKnownFileType = image.png; path = "qq@3x.png"; sourceTree = "<group>"; };
		D60609981C76FF0E000DB373 /* qq空间@2x.png */ = {isa = PBXFileReference; lastKnownFileType = image.png; path = "qq空间@2x.png"; sourceTree = "<group>"; };
		D60609991C76FF0E000DB373 /* qq空间@3x.png */ = {isa = PBXFileReference; lastKnownFileType = image.png; path = "qq空间@3x.png"; sourceTree = "<group>"; };
		D6060A241C770204000DB373 /* NewApplyViewController.h */ = {isa = PBXFileReference; fileEncoding = 4; lastKnownFileType = sourcecode.c.h; path = NewApplyViewController.h; sourceTree = "<group>"; };
		D6060A251C770204000DB373 /* NewApplyViewController.m */ = {isa = PBXFileReference; fileEncoding = 4; lastKnownFileType = sourcecode.c.objc; path = NewApplyViewController.m; sourceTree = "<group>"; };
		D6060A261C770204000DB373 /* NewApplyViewController.xib */ = {isa = PBXFileReference; fileEncoding = 4; lastKnownFileType = file.xib; path = NewApplyViewController.xib; sourceTree = "<group>"; };
		D6060A2A1C770F5E000DB373 /* BaseNavgationController.h */ = {isa = PBXFileReference; fileEncoding = 4; lastKnownFileType = sourcecode.c.h; path = BaseNavgationController.h; sourceTree = "<group>"; };
		D6060A2B1C770F5E000DB373 /* BaseNavgationController.m */ = {isa = PBXFileReference; fileEncoding = 4; lastKnownFileType = sourcecode.c.objc; path = BaseNavgationController.m; sourceTree = "<group>"; };
		D6060A2D1C771329000DB373 /* UIImage+Color.h */ = {isa = PBXFileReference; fileEncoding = 4; lastKnownFileType = sourcecode.c.h; path = "UIImage+Color.h"; sourceTree = "<group>"; };
		D6060A2E1C771329000DB373 /* UIImage+Color.m */ = {isa = PBXFileReference; fileEncoding = 4; lastKnownFileType = sourcecode.c.objc; path = "UIImage+Color.m"; sourceTree = "<group>"; };
		D6060A301C7713C4000DB373 /* ScreenMacrosHeader.h */ = {isa = PBXFileReference; fileEncoding = 4; lastKnownFileType = sourcecode.c.h; path = ScreenMacrosHeader.h; sourceTree = "<group>"; };
		D6060A311C77188E000DB373 /* HeaderView.h */ = {isa = PBXFileReference; fileEncoding = 4; lastKnownFileType = sourcecode.c.h; path = HeaderView.h; sourceTree = "<group>"; };
		D6060A321C77188E000DB373 /* HeaderView.m */ = {isa = PBXFileReference; fileEncoding = 4; lastKnownFileType = sourcecode.c.objc; path = HeaderView.m; sourceTree = "<group>"; };
		D6060A341C77189C000DB373 /* HeaderView.xib */ = {isa = PBXFileReference; fileEncoding = 4; lastKnownFileType = file.xib; path = HeaderView.xib; sourceTree = "<group>"; };
		D6060A361C771F3E000DB373 /* UIView+LoadViewFromNib.h */ = {isa = PBXFileReference; fileEncoding = 4; lastKnownFileType = sourcecode.c.h; name = "UIView+LoadViewFromNib.h"; path = "../../Main/UIView+LoadViewFromNib.h"; sourceTree = "<group>"; };
		D6060A371C771F3E000DB373 /* UIView+LoadViewFromNib.m */ = {isa = PBXFileReference; fileEncoding = 4; lastKnownFileType = sourcecode.c.objc; name = "UIView+LoadViewFromNib.m"; path = "../../Main/UIView+LoadViewFromNib.m"; sourceTree = "<group>"; };
		D68492231C7B08AC00227ACA /* ColorHeader.h */ = {isa = PBXFileReference; fileEncoding = 4; lastKnownFileType = sourcecode.c.h; path = ColorHeader.h; sourceTree = "<group>"; };
		D6A0FB631C8459C0007D8DCB /* checkoutPhoneNumber.h */ = {isa = PBXFileReference; fileEncoding = 4; lastKnownFileType = sourcecode.c.h; path = checkoutPhoneNumber.h; sourceTree = "<group>"; };
		D6A0FB641C8459C0007D8DCB /* checkoutPhoneNumber.m */ = {isa = PBXFileReference; fileEncoding = 4; lastKnownFileType = sourcecode.c.objc; path = checkoutPhoneNumber.m; sourceTree = "<group>"; };
		D6A0FB691C845C93007D8DCB /* MMDUser.h */ = {isa = PBXFileReference; fileEncoding = 4; lastKnownFileType = sourcecode.c.h; path = MMDUser.h; sourceTree = "<group>"; };
		D6A0FB6A1C845C93007D8DCB /* MMDUser.m */ = {isa = PBXFileReference; fileEncoding = 4; lastKnownFileType = sourcecode.c.objc; path = MMDUser.m; sourceTree = "<group>"; };
		D6A0FB701C8464BD007D8DCB /* RegisterViewController.h */ = {isa = PBXFileReference; fileEncoding = 4; lastKnownFileType = sourcecode.c.h; path = RegisterViewController.h; sourceTree = "<group>"; };
		D6A0FB711C8464BD007D8DCB /* RegisterViewController.m */ = {isa = PBXFileReference; fileEncoding = 4; lastKnownFileType = sourcecode.c.objc; path = RegisterViewController.m; sourceTree = "<group>"; };
		D6A0FB721C8464BD007D8DCB /* RegisterViewController.xib */ = {isa = PBXFileReference; fileEncoding = 4; lastKnownFileType = file.xib; path = RegisterViewController.xib; sourceTree = "<group>"; };
		D6A0FB751C857363007D8DCB /* PasswordLength.h */ = {isa = PBXFileReference; fileEncoding = 4; lastKnownFileType = sourcecode.c.h; path = PasswordLength.h; sourceTree = "<group>"; };
		D6B692161C8D7A5B00B3877D /* mmd_logo@2x.png */ = {isa = PBXFileReference; lastKnownFileType = image.png; path = "mmd_logo@2x.png"; sourceTree = "<group>"; };
		D6B692171C8D7A5B00B3877D /* mmd_logo@3x.png */ = {isa = PBXFileReference; lastKnownFileType = image.png; path = "mmd_logo@3x.png"; sourceTree = "<group>"; };
		D6DD24A11C87439C0042E263 /* RegisterModel.h */ = {isa = PBXFileReference; fileEncoding = 4; lastKnownFileType = sourcecode.c.h; path = RegisterModel.h; sourceTree = "<group>"; };
		D6DD24A21C87439C0042E263 /* RegisterModel.m */ = {isa = PBXFileReference; fileEncoding = 4; lastKnownFileType = sourcecode.c.objc; path = RegisterModel.m; sourceTree = "<group>"; };
		D6DD24A41C8745930042E263 /* MMDPrefixHeader.pch */ = {isa = PBXFileReference; fileEncoding = 4; lastKnownFileType = sourcecode.c.h; path = MMDPrefixHeader.pch; sourceTree = "<group>"; };
		D6E104C11C7320FD00049C3F /* MMD.app */ = {isa = PBXFileReference; explicitFileType = wrapper.application; includeInIndex = 0; path = MMD.app; sourceTree = BUILT_PRODUCTS_DIR; };
		D6E104C51C7320FD00049C3F /* main.m */ = {isa = PBXFileReference; lastKnownFileType = sourcecode.c.objc; path = main.m; sourceTree = "<group>"; };
		D6E104C71C7320FD00049C3F /* AppDelegate.h */ = {isa = PBXFileReference; lastKnownFileType = sourcecode.c.h; path = AppDelegate.h; sourceTree = "<group>"; };
		D6E104C81C7320FD00049C3F /* AppDelegate.m */ = {isa = PBXFileReference; lastKnownFileType = sourcecode.c.objc; path = AppDelegate.m; sourceTree = "<group>"; };
		D6E104CE1C7320FD00049C3F /* Base */ = {isa = PBXFileReference; lastKnownFileType = file.storyboard; name = Base; path = Base.lproj/Main.storyboard; sourceTree = "<group>"; };
		D6E104D11C7320FD00049C3F /* MMD.xcdatamodel */ = {isa = PBXFileReference; lastKnownFileType = wrapper.xcdatamodel; path = MMD.xcdatamodel; sourceTree = "<group>"; };
		D6E104D31C7320FD00049C3F /* Assets.xcassets */ = {isa = PBXFileReference; lastKnownFileType = folder.assetcatalog; path = Assets.xcassets; sourceTree = "<group>"; };
		D6E104D61C7320FD00049C3F /* Base */ = {isa = PBXFileReference; lastKnownFileType = file.storyboard; name = Base; path = Base.lproj/LaunchScreen.storyboard; sourceTree = "<group>"; };
		D6E104D81C7320FD00049C3F /* Info.plist */ = {isa = PBXFileReference; lastKnownFileType = text.plist.xml; path = Info.plist; sourceTree = "<group>"; };
		D6E104DD1C7320FD00049C3F /* MMDTests.xctest */ = {isa = PBXFileReference; explicitFileType = wrapper.cfbundle; includeInIndex = 0; path = MMDTests.xctest; sourceTree = BUILT_PRODUCTS_DIR; };
		D6E104E11C7320FD00049C3F /* MMDTests.m */ = {isa = PBXFileReference; lastKnownFileType = sourcecode.c.objc; path = MMDTests.m; sourceTree = "<group>"; };
		D6E104E31C7320FD00049C3F /* Info.plist */ = {isa = PBXFileReference; lastKnownFileType = text.plist.xml; path = Info.plist; sourceTree = "<group>"; };
		D6E104E81C7320FD00049C3F /* MMDUITests.xctest */ = {isa = PBXFileReference; explicitFileType = wrapper.cfbundle; includeInIndex = 0; path = MMDUITests.xctest; sourceTree = BUILT_PRODUCTS_DIR; };
		D6E104EC1C7320FD00049C3F /* MMDUITests.m */ = {isa = PBXFileReference; lastKnownFileType = sourcecode.c.objc; path = MMDUITests.m; sourceTree = "<group>"; };
		D6E104EE1C7320FD00049C3F /* Info.plist */ = {isa = PBXFileReference; lastKnownFileType = text.plist.xml; path = Info.plist; sourceTree = "<group>"; };
		D6E104FD1C73217C00049C3F /* MMTabbar.h */ = {isa = PBXFileReference; fileEncoding = 4; lastKnownFileType = sourcecode.c.h; path = MMTabbar.h; sourceTree = "<group>"; };
		D6E104FE1C73217C00049C3F /* MMTabbar.m */ = {isa = PBXFileReference; fileEncoding = 4; lastKnownFileType = sourcecode.c.objc; path = MMTabbar.m; sourceTree = "<group>"; };
		D6E104FF1C73217C00049C3F /* MMTabbarController.h */ = {isa = PBXFileReference; fileEncoding = 4; lastKnownFileType = sourcecode.c.h; path = MMTabbarController.h; sourceTree = "<group>"; };
		D6E105001C73217C00049C3F /* MMTabbarController.m */ = {isa = PBXFileReference; fileEncoding = 4; lastKnownFileType = sourcecode.c.objc; path = MMTabbarController.m; sourceTree = "<group>"; };
		D6E105091C73219000049C3F /* TabbarTitleHeader.h */ = {isa = PBXFileReference; fileEncoding = 4; lastKnownFileType = sourcecode.c.h; path = TabbarTitleHeader.h; sourceTree = "<group>"; };
		D6E106171C73293000049C3F /* MMLogViewController.h */ = {isa = PBXFileReference; fileEncoding = 4; lastKnownFileType = sourcecode.c.h; path = MMLogViewController.h; sourceTree = "<group>"; };
		D6E106181C73293000049C3F /* MMLogViewController.m */ = {isa = PBXFileReference; fileEncoding = 4; lastKnownFileType = sourcecode.c.objc; path = MMLogViewController.m; sourceTree = "<group>"; };
		D6E106191C73293000049C3F /* MMLogViewController.xib */ = {isa = PBXFileReference; fileEncoding = 4; lastKnownFileType = file.xib; path = MMLogViewController.xib; sourceTree = "<group>"; };
		D6E106511C747CCE00049C3F /* LoanViewController.h */ = {isa = PBXFileReference; fileEncoding = 4; lastKnownFileType = sourcecode.c.h; path = LoanViewController.h; sourceTree = "<group>"; };
		D6E106521C747CCE00049C3F /* LoanViewController.m */ = {isa = PBXFileReference; fileEncoding = 4; lastKnownFileType = sourcecode.c.objc; path = LoanViewController.m; sourceTree = "<group>"; };
		D6E106581C747EEA00049C3F /* MMSegmentControl.h */ = {isa = PBXFileReference; fileEncoding = 4; lastKnownFileType = sourcecode.c.h; path = MMSegmentControl.h; sourceTree = "<group>"; };
		D6E106591C747EEA00049C3F /* MMSegmentControl.m */ = {isa = PBXFileReference; fileEncoding = 4; lastKnownFileType = sourcecode.c.objc; path = MMSegmentControl.m; sourceTree = "<group>"; };
		D6E1065B1C74806800049C3F /* SegmentTitleHeader.h */ = {isa = PBXFileReference; fileEncoding = 4; lastKnownFileType = sourcecode.c.h; path = SegmentTitleHeader.h; sourceTree = "<group>"; };
		D6E1065C1C7480E100049C3F /* LoanHeader.h */ = {isa = PBXFileReference; fileEncoding = 4; lastKnownFileType = sourcecode.c.h; path = LoanHeader.h; sourceTree = "<group>"; };
		D6E1065D1C74888200049C3F /* ActivityViewController.h */ = {isa = PBXFileReference; fileEncoding = 4; lastKnownFileType = sourcecode.c.h; path = ActivityViewController.h; sourceTree = "<group>"; };
		D6E1065E1C74888200049C3F /* ActivityViewController.m */ = {isa = PBXFileReference; fileEncoding = 4; lastKnownFileType = sourcecode.c.objc; path = ActivityViewController.m; sourceTree = "<group>"; };
		D6E1065F1C74888200049C3F /* ActivityViewController.xib */ = {isa = PBXFileReference; fileEncoding = 4; lastKnownFileType = file.xib; path = ActivityViewController.xib; sourceTree = "<group>"; };
		D6E106621C7488C700049C3F /* QueryViewController.h */ = {isa = PBXFileReference; fileEncoding = 4; lastKnownFileType = sourcecode.c.h; path = QueryViewController.h; sourceTree = "<group>"; };
		D6E106631C7488C700049C3F /* QueryViewController.m */ = {isa = PBXFileReference; fileEncoding = 4; lastKnownFileType = sourcecode.c.objc; path = QueryViewController.m; sourceTree = "<group>"; };
		D6E106641C7488C700049C3F /* QueryViewController.xib */ = {isa = PBXFileReference; fileEncoding = 4; lastKnownFileType = file.xib; path = QueryViewController.xib; sourceTree = "<group>"; };
		D6E106681C74893900049C3F /* ApplyViewController.h */ = {isa = PBXFileReference; fileEncoding = 4; lastKnownFileType = sourcecode.c.h; path = ApplyViewController.h; sourceTree = "<group>"; };
		D6E106691C74893900049C3F /* ApplyViewController.m */ = {isa = PBXFileReference; fileEncoding = 4; lastKnownFileType = sourcecode.c.objc; path = ApplyViewController.m; sourceTree = "<group>"; };
		D6E1066A1C74893900049C3F /* ApplyViewController.xib */ = {isa = PBXFileReference; fileEncoding = 4; lastKnownFileType = file.xib; path = ApplyViewController.xib; sourceTree = "<group>"; };
		D6EA01F61C8695FC00EE0E2E /* RegisterItem.h */ = {isa = PBXFileReference; fileEncoding = 4; lastKnownFileType = sourcecode.c.h; path = RegisterItem.h; sourceTree = "<group>"; };
		D6EA01F71C8695FC00EE0E2E /* RegisterItem.m */ = {isa = PBXFileReference; fileEncoding = 4; lastKnownFileType = sourcecode.c.objc; path = RegisterItem.m; sourceTree = "<group>"; };
		D6EA01F91C86984500EE0E2E /* LimitInputWords.h */ = {isa = PBXFileReference; fileEncoding = 4; lastKnownFileType = sourcecode.c.h; path = LimitInputWords.h; sourceTree = "<group>"; };
		D6EA01FA1C86984500EE0E2E /* LimitInputWords.m */ = {isa = PBXFileReference; fileEncoding = 4; lastKnownFileType = sourcecode.c.objc; path = LimitInputWords.m; sourceTree = "<group>"; };
		D6F01DDA1C7C69D400EBC84E /* UpdateLoanInfo.h */ = {isa = PBXFileReference; fileEncoding = 4; lastKnownFileType = sourcecode.c.h; path = UpdateLoanInfo.h; sourceTree = "<group>"; };
		D6F01DDB1C7C69D400EBC84E /* UpdateLoanInfo.m */ = {isa = PBXFileReference; fileEncoding = 4; lastKnownFileType = sourcecode.c.objc; path = UpdateLoanInfo.m; sourceTree = "<group>"; };
		D6F01DDD1C7C6BFA00EBC84E /* add_press@2x.png */ = {isa = PBXFileReference; lastKnownFileType = image.png; path = "add_press@2x.png"; sourceTree = "<group>"; };
		D6F01DDE1C7C6BFA00EBC84E /* add_press@3x.png */ = {isa = PBXFileReference; lastKnownFileType = image.png; path = "add_press@3x.png"; sourceTree = "<group>"; };
		D6F01DDF1C7C6BFA00EBC84E /* add@2x.png */ = {isa = PBXFileReference; lastKnownFileType = image.png; path = "add@2x.png"; sourceTree = "<group>"; };
		D6F01DE01C7C6BFA00EBC84E /* add@3x.png */ = {isa = PBXFileReference; lastKnownFileType = image.png; path = "add@3x.png"; sourceTree = "<group>"; };
		D6F01DE11C7C6BFA00EBC84E /* minus_press@2x.png */ = {isa = PBXFileReference; lastKnownFileType = image.png; path = "minus_press@2x.png"; sourceTree = "<group>"; };
		D6F01DE21C7C6BFA00EBC84E /* minus_press@3x.png */ = {isa = PBXFileReference; lastKnownFileType = image.png; path = "minus_press@3x.png"; sourceTree = "<group>"; };
		D6F01DE31C7C6BFA00EBC84E /* minus@2x.png */ = {isa = PBXFileReference; lastKnownFileType = image.png; path = "minus@2x.png"; sourceTree = "<group>"; };
		D6F01DE41C7C6BFA00EBC84E /* minus@3x.png */ = {isa = PBXFileReference; lastKnownFileType = image.png; path = "minus@3x.png"; sourceTree = "<group>"; };
		D6F5670F1C80047500B0612F /* 还款0@2x.png */ = {isa = PBXFileReference; lastKnownFileType = image.png; path = "还款0@2x.png"; sourceTree = "<group>"; };
		D6F567101C80047500B0612F /* 还款0@3x.png */ = {isa = PBXFileReference; lastKnownFileType = image.png; path = "还款0@3x.png"; sourceTree = "<group>"; };
		D6F567131C80047500B0612F /* 借款0@2x.png */ = {isa = PBXFileReference; lastKnownFileType = image.png; path = "借款0@2x.png"; sourceTree = "<group>"; };
		D6F567141C80047500B0612F /* 借款0@3x.png */ = {isa = PBXFileReference; lastKnownFileType = image.png; path = "借款0@3x.png"; sourceTree = "<group>"; };
		D6F5671E1C8004ED00B0612F /* 借款@2x.png */ = {isa = PBXFileReference; lastKnownFileType = image.png; path = "借款@2x.png"; sourceTree = "<group>"; };
		D6F5671F1C8004ED00B0612F /* 借款@3x.png */ = {isa = PBXFileReference; lastKnownFileType = image.png; path = "借款@3x.png"; sourceTree = "<group>"; };
		D6F567221C80054D00B0612F /* 还款@2x.png */ = {isa = PBXFileReference; lastKnownFileType = image.png; path = "还款@2x.png"; sourceTree = "<group>"; };
		D6F567231C80054D00B0612F /* 还款@3x.png */ = {isa = PBXFileReference; lastKnownFileType = image.png; path = "还款@3x.png"; sourceTree = "<group>"; };
		D6F567261C80055800B0612F /* 我的@2x.png */ = {isa = PBXFileReference; lastKnownFileType = image.png; path = "我的@2x.png"; sourceTree = "<group>"; };
		D6F567271C80055800B0612F /* 我的@3x.png */ = {isa = PBXFileReference; lastKnownFileType = image.png; path = "我的@3x.png"; sourceTree = "<group>"; };
		D6F5672A1C80056300B0612F /* 更多@2x.png */ = {isa = PBXFileReference; lastKnownFileType = image.png; path = "更多@2x.png"; sourceTree = "<group>"; };
		D6F5672B1C80056300B0612F /* 更多@3x.png */ = {isa = PBXFileReference; lastKnownFileType = image.png; path = "更多@3x.png"; sourceTree = "<group>"; };
		D6FDC4CC1C85B485003B2660 /* ServerDefine.h */ = {isa = PBXFileReference; fileEncoding = 4; lastKnownFileType = sourcecode.c.h; path = ServerDefine.h; sourceTree = "<group>"; };
		D6FDC4CD1C85B528003B2660 /* ServerOption.h */ = {isa = PBXFileReference; fileEncoding = 4; lastKnownFileType = sourcecode.c.h; path = ServerOption.h; sourceTree = "<group>"; };
		D876B7B7F58349F963758341 /* libPods-MMD.a */ = {isa = PBXFileReference; explicitFileType = archive.ar; includeInIndex = 0; path = "libPods-MMD.a"; sourceTree = BUILT_PRODUCTS_DIR; };
/* End PBXFileReference section */

/* Begin PBXFrameworksBuildPhase section */
		D6E104BE1C7320FD00049C3F /* Frameworks */ = {
			isa = PBXFrameworksBuildPhase;
			buildActionMask = 2147483647;
			files = (
				7C1C29D08DC8E5848D086672 /* libPods-MMD.a in Frameworks */,
			);
			runOnlyForDeploymentPostprocessing = 0;
		};
		D6E104DA1C7320FD00049C3F /* Frameworks */ = {
			isa = PBXFrameworksBuildPhase;
			buildActionMask = 2147483647;
			files = (
			);
			runOnlyForDeploymentPostprocessing = 0;
		};
		D6E104E51C7320FD00049C3F /* Frameworks */ = {
			isa = PBXFrameworksBuildPhase;
			buildActionMask = 2147483647;
			files = (
			);
			runOnlyForDeploymentPostprocessing = 0;
		};
/* End PBXFrameworksBuildPhase section */

/* Begin PBXGroup section */
		165643020D117A7BDC39B257 /* Pods */ = {
			isa = PBXGroup;
			children = (
				7B9823A9F698276E5762BEEE /* Pods-MMD.debug.xcconfig */,
				197FE7C65B5A58A153BD57BD /* Pods-MMD.release.xcconfig */,
			);
			name = Pods;
			sourceTree = "<group>";
		};
		AF6E55F0FF7D1C67E87ECAFC /* Frameworks */ = {
			isa = PBXGroup;
			children = (
				D876B7B7F58349F963758341 /* libPods-MMD.a */,
			);
			name = Frameworks;
			sourceTree = "<group>";
		};
		D6060A291C770EFF000DB373 /* Deperated */ = {
			isa = PBXGroup;
			children = (
				D6E106681C74893900049C3F /* ApplyViewController.h */,
				D6E106691C74893900049C3F /* ApplyViewController.m */,
				D6E1066A1C74893900049C3F /* ApplyViewController.xib */,
			);
			name = Deperated;
			sourceTree = "<group>";
		};
		D6A0FB661C845C51007D8DCB /* Controller */ = {
			isa = PBXGroup;
			children = (
				D6A0FB631C8459C0007D8DCB /* checkoutPhoneNumber.h */,
				D6A0FB641C8459C0007D8DCB /* checkoutPhoneNumber.m */,
				D6E106171C73293000049C3F /* MMLogViewController.h */,
				D6E106181C73293000049C3F /* MMLogViewController.m */,
				D6E106191C73293000049C3F /* MMLogViewController.xib */,
			);
			name = Controller;
			sourceTree = "<group>";
		};
		D6A0FB671C845C57007D8DCB /* View */ = {
			isa = PBXGroup;
			children = (
			);
			name = View;
			sourceTree = "<group>";
		};
		D6A0FB681C845C5C007D8DCB /* Model */ = {
			isa = PBXGroup;
			children = (
				D6A0FB691C845C93007D8DCB /* MMDUser.h */,
				D6A0FB6A1C845C93007D8DCB /* MMDUser.m */,
			);
			name = Model;
			sourceTree = "<group>";
		};
		D6A0FB6C1C84647A007D8DCB /* 注册 */ = {
			isa = PBXGroup;
			children = (
				D6A0FB6F1C84648B007D8DCB /* Model */,
				D6A0FB6E1C846488007D8DCB /* View */,
				D6A0FB6D1C846481007D8DCB /* Controller */,
			);
			name = "注册";
			sourceTree = "<group>";
		};
		D6A0FB6D1C846481007D8DCB /* Controller */ = {
			isa = PBXGroup;
			children = (
				D6A0FB701C8464BD007D8DCB /* RegisterViewController.h */,
				D6A0FB711C8464BD007D8DCB /* RegisterViewController.m */,
				D6A0FB721C8464BD007D8DCB /* RegisterViewController.xib */,
				D6EA01F91C86984500EE0E2E /* LimitInputWords.h */,
				D6EA01FA1C86984500EE0E2E /* LimitInputWords.m */,
			);
			name = Controller;
			sourceTree = "<group>";
		};
		D6A0FB6E1C846488007D8DCB /* View */ = {
			isa = PBXGroup;
			children = (
			);
			name = View;
			sourceTree = "<group>";
		};
		D6A0FB6F1C84648B007D8DCB /* Model */ = {
			isa = PBXGroup;
			children = (
				D6EA01F61C8695FC00EE0E2E /* RegisterItem.h */,
				D6EA01F71C8695FC00EE0E2E /* RegisterItem.m */,
				D6DD24A11C87439C0042E263 /* RegisterModel.h */,
				D6DD24A21C87439C0042E263 /* RegisterModel.m */,
			);
			name = Model;
			sourceTree = "<group>";
		};
		D6E104B81C7320FD00049C3F = {
			isa = PBXGroup;
			children = (
				D6E104C31C7320FD00049C3F /* MMD */,
				D6E104E01C7320FD00049C3F /* MMDTests */,
				D6E104EB1C7320FD00049C3F /* MMDUITests */,
				D6E104C21C7320FD00049C3F /* Products */,
				165643020D117A7BDC39B257 /* Pods */,
				AF6E55F0FF7D1C67E87ECAFC /* Frameworks */,
			);
			sourceTree = "<group>";
		};
		D6E104C21C7320FD00049C3F /* Products */ = {
			isa = PBXGroup;
			children = (
				D6E104C11C7320FD00049C3F /* MMD.app */,
				D6E104DD1C7320FD00049C3F /* MMDTests.xctest */,
				D6E104E81C7320FD00049C3F /* MMDUITests.xctest */,
			);
			name = Products;
			sourceTree = "<group>";
		};
		D6E104C31C7320FD00049C3F /* MMD */ = {
			isa = PBXGroup;
			children = (
				D6E104C71C7320FD00049C3F /* AppDelegate.h */,
				D6E104C81C7320FD00049C3F /* AppDelegate.m */,
				D6E104CD1C7320FD00049C3F /* Main.storyboard */,
				D6E105101C7321A000049C3F /* Vender */,
				D6E1050C1C73219800049C3F /* Resourses */,
				D6E105031C73219000049C3F /* Expand */,
				D6E104FA1C73217C00049C3F /* Main */,
				D6E104D31C7320FD00049C3F /* Assets.xcassets */,
				D6E104D51C7320FD00049C3F /* LaunchScreen.storyboard */,
				D6E104D81C7320FD00049C3F /* Info.plist */,
				D6E104D01C7320FD00049C3F /* MMD.xcdatamodeld */,
				D6E104C41C7320FD00049C3F /* Supporting Files */,
			);
			path = MMD;
			sourceTree = "<group>";
		};
		D6E104C41C7320FD00049C3F /* Supporting Files */ = {
			isa = PBXGroup;
			children = (
				D6E104C51C7320FD00049C3F /* main.m */,
				D6DD24A41C8745930042E263 /* MMDPrefixHeader.pch */,
			);
			name = "Supporting Files";
			sourceTree = "<group>";
		};
		D6E104E01C7320FD00049C3F /* MMDTests */ = {
			isa = PBXGroup;
			children = (
				D6E104E11C7320FD00049C3F /* MMDTests.m */,
				D6E104E31C7320FD00049C3F /* Info.plist */,
			);
			path = MMDTests;
			sourceTree = "<group>";
		};
		D6E104EB1C7320FD00049C3F /* MMDUITests */ = {
			isa = PBXGroup;
			children = (
				D6E104EC1C7320FD00049C3F /* MMDUITests.m */,
				D6E104EE1C7320FD00049C3F /* Info.plist */,
			);
			path = MMDUITests;
			sourceTree = "<group>";
		};
		D6E104FA1C73217C00049C3F /* Main */ = {
			isa = PBXGroup;
			children = (
				D6A0FB6C1C84647A007D8DCB /* 注册 */,
				D6E106541C747D0500049C3F /* 登录 */,
				D6E106161C7327AC00049C3F /* 更多 */,
				D6E106151C7327A600049C3F /* 我的 */,
				D6E106141C7327A100049C3F /* 还款 */,
				D6E106131C73265700049C3F /* 借款 */,
				D6E104FB1C73217C00049C3F /* Base(基类) */,
				D6E104FC1C73217C00049C3F /* Tabbar */,
			);
			path = Main;
			sourceTree = "<group>";
		};
		D6E104FB1C73217C00049C3F /* Base(基类) */ = {
			isa = PBXGroup;
			children = (
				D6060A2A1C770F5E000DB373 /* BaseNavgationController.h */,
				D6060A2B1C770F5E000DB373 /* BaseNavgationController.m */,
			);
			path = "Base(基类)";
			sourceTree = "<group>";
		};
		D6E104FC1C73217C00049C3F /* Tabbar */ = {
			isa = PBXGroup;
			children = (
				D6E104FD1C73217C00049C3F /* MMTabbar.h */,
				D6E104FE1C73217C00049C3F /* MMTabbar.m */,
				D6E104FF1C73217C00049C3F /* MMTabbarController.h */,
				D6E105001C73217C00049C3F /* MMTabbarController.m */,
			);
			path = Tabbar;
			sourceTree = "<group>";
		};
		D6E105031C73219000049C3F /* Expand */ = {
			isa = PBXGroup;
			children = (
				D6E105041C73219000049C3F /* Category */,
				D6E105061C73219000049C3F /* Const */,
				D6E105071C73219000049C3F /* DataBase */,
				D6E105081C73219000049C3F /* Macros */,
				D6E1050A1C73219000049C3F /* Network */,
				D6E1050B1C73219000049C3F /* Tool */,
			);
			path = Expand;
			sourceTree = "<group>";
		};
		D6E105041C73219000049C3F /* Category */ = {
			isa = PBXGroup;
			children = (
				D6E105051C73219000049C3F /* Other */,
				D6060A361C771F3E000DB373 /* UIView+LoadViewFromNib.h */,
				D6060A371C771F3E000DB373 /* UIView+LoadViewFromNib.m */,
				D6060A2D1C771329000DB373 /* UIImage+Color.h */,
				D6060A2E1C771329000DB373 /* UIImage+Color.m */,
			);
			path = Category;
			sourceTree = "<group>";
		};
		D6E105051C73219000049C3F /* Other */ = {
			isa = PBXGroup;
			children = (
			);
			path = Other;
			sourceTree = "<group>";
		};
		D6E105061C73219000049C3F /* Const */ = {
			isa = PBXGroup;
			children = (
				D6E1065B1C74806800049C3F /* SegmentTitleHeader.h */,
				D6A0FB751C857363007D8DCB /* PasswordLength.h */,
				D6FDC4CC1C85B485003B2660 /* ServerDefine.h */,
				D6FDC4CD1C85B528003B2660 /* ServerOption.h */,
			);
			path = Const;
			sourceTree = "<group>";
		};
		D6E105071C73219000049C3F /* DataBase */ = {
			isa = PBXGroup;
			children = (
			);
			path = DataBase;
			sourceTree = "<group>";
		};
		D6E105081C73219000049C3F /* Macros */ = {
			isa = PBXGroup;
			children = (
				D6E105091C73219000049C3F /* TabbarTitleHeader.h */,
				D6060A301C7713C4000DB373 /* ScreenMacrosHeader.h */,
				D68492231C7B08AC00227ACA /* ColorHeader.h */,
			);
			path = Macros;
			sourceTree = "<group>";
		};
		D6E1050A1C73219000049C3F /* Network */ = {
			isa = PBXGroup;
			children = (
				D606090A1C76FB4B000DB373 /* MMRequest.h */,
				D606090B1C76FB4B000DB373 /* MMRequest.m */,
			);
			path = Network;
			sourceTree = "<group>";
		};
		D6E1050B1C73219000049C3F /* Tool */ = {
			isa = PBXGroup;
			children = (
			);
			path = Tool;
			sourceTree = "<group>";
		};
		D6E1050C1C73219800049C3F /* Resourses */ = {
			isa = PBXGroup;
			children = (
				D6E1050D1C73219800049C3F /* Global */,
				D6E1050E1C73219800049C3F /* Images */,
				D6E1050F1C73219800049C3F /* Plist */,
			);
			path = Resourses;
			sourceTree = "<group>";
		};
		D6E1050D1C73219800049C3F /* Global */ = {
			isa = PBXGroup;
			children = (
			);
			path = Global;
			sourceTree = "<group>";
		};
		D6E1050E1C73219800049C3F /* Images */ = {
			isa = PBXGroup;
			children = (
				D6F5671D1C80048800B0612F /* TabbarImage */,
				D6F01DDD1C7C6BFA00EBC84E /* add_press@2x.png */,
				D6F01DDE1C7C6BFA00EBC84E /* add_press@3x.png */,
				D6F01DDF1C7C6BFA00EBC84E /* add@2x.png */,
				D6F01DE01C7C6BFA00EBC84E /* add@3x.png */,
				D6F01DE11C7C6BFA00EBC84E /* minus_press@2x.png */,
				D6F01DE21C7C6BFA00EBC84E /* minus_press@3x.png */,
				D6F01DE31C7C6BFA00EBC84E /* minus@2x.png */,
				D6F01DE41C7C6BFA00EBC84E /* minus@3x.png */,
				D60609111C76FF0E000DB373 /* 补充附件@2x.png */,
				D60609121C76FF0E000DB373 /* 补充附件@3x.png */,
				D60609141C76FF0E000DB373 /* 步骤@2x.png */,
				D60609151C76FF0E000DB373 /* 步骤@3x.png */,
				D60609171C76FF0E000DB373 /* 步骤0@2x.png */,
				D60609181C76FF0E000DB373 /* 步骤0@3x.png */,
				D606091A1C76FF0E000DB373 /* 持证牌照信息@2x.png */,
				D606091B1C76FF0E000DB373 /* 持证牌照信息@3x.png */,
				D606091D1C76FF0E000DB373 /* 电话图标@2x.png */,
				D606091E1C76FF0E000DB373 /* 电话图标@3x.png */,
				D60609201C76FF0E000DB373 /* 返回@2x.png */,
				D60609211C76FF0E000DB373 /* 返回@3x.png */,
				D60609231C76FF0E000DB373 /* 分享@2x.png */,
				D60609241C76FF0E000DB373 /* 分享@3x.png */,
				D606092C1C76FF0E000DB373 /* 更改密码@2x.png */,
				D606092D1C76FF0E000DB373 /* 更改密码@3x.png */,
				D606092F1C76FF0E000DB373 /* 工作信息@2x.png */,
				D60609301C76FF0E000DB373 /* 工作信息@3x.png */,
				D60609321C76FF0E000DB373 /* 关于@2x.png */,
				D60609331C76FF0E000DB373 /* 关于@3x.png */,
				D606093B1C76FF0E000DB373 /* 还款须知@2x.png */,
				D606093C1C76FF0E000DB373 /* 还款须知@3x.png */,
				D606093E1C76FF0E000DB373 /* 还款页面go@2x.png */,
				D606093F1C76FF0E000DB373 /* 还款页面go@3x.png */,
				D60609411C76FF0E000DB373 /* 好评@2x.png */,
				D60609421C76FF0E000DB373 /* 好评@3x.png */,
				D60609441C76FF0E000DB373 /* 检查更新@2x.png */,
				D60609451C76FF0E000DB373 /* 检查更新@3x.png */,
				D606094D1C76FF0E000DB373 /* 借款须知@2x.png */,
				D606094E1C76FF0E000DB373 /* 借款须知@3x.png */,
				D60609501C76FF0E000DB373 /* recommend@2x.png */,
				D60609511C76FF0E000DB373 /* recommend@3x.png */,
				D60609531C76FF0E000DB373 /* visible@2x.png */,
				D60609541C76FF0E000DB373 /* visible@3x.png */,
				D60609561C76FF0E000DB373 /* no_visible@2x.png */,
				D60609571C76FF0E000DB373 /* no_visible@3x.png */,
				D60609591C76FF0E000DB373 /* contact@2x.png */,
				D606095A1C76FF0E000DB373 /* contact@3x.png */,
				D606095C1C76FF0E000DB373 /* friendsCircle@2x.png */,
				D606095D1C76FF0E000DB373 /* friendsCircle@3x.png */,
				D606095F1C76FF0E000DB373 /* IDInfo@2x.png */,
				D60609601C76FF0E000DB373 /* IDInfo@3x.png */,
				D60609621C76FF0E000DB373 /* phoneNumber@2x.png */,
				D60609631C76FF0E000DB373 /* phoneNumber@3x.png */,
				D60609651C76FF0E000DB373 /* txweibo@2x.png */,
				D60609661C76FF0E000DB373 /* txweibo@3x.png */,
				D60609681C76FF0E000DB373 /* addPic@2x.png */,
				D60609691C76FF0E000DB373 /* addPic@3x.png */,
				D606096B1C76FF0E000DB373 /* approve_on@2x.png */,
				D606096C1C76FF0E000DB373 /* approve_on@3x.png */,
				D606096E1C76FF0E000DB373 /* approve_off@2x.png */,
				D606096F1C76FF0E000DB373 /* approve_off@3x.png */,
				D60609711C76FF0E000DB373 /* weibo@2x.png */,
				D60609721C76FF0E000DB373 /* weibo@3x.png */,
				D60609741C76FF0E000DB373 /* wechat@2x.png */,
				D60609751C76FF0E000DB373 /* wechat@3x.png */,
				D60609771C76FF0E000DB373 /* folder@2x.png */,
				D60609781C76FF0E000DB373 /* folder@3x.png */,
				D60609801C76FF0E000DB373 /* pullDown@2x.png */,
				D60609811C76FF0E000DB373 /* pullDown@3x.png */,
				D60609831C76FF0E000DB373 /* notificationCenter@2x.png */,
				D60609841C76FF0E000DB373 /* notificationCenter@3x.png */,
				D60609861C76FF0E000DB373 /* creditlevel@2x.png */,
				D60609871C76FF0E000DB373 /* creditlevel@3x.png */,
				D60609891C76FF0E000DB373 /* creditline@2x.png */,
				D606098A1C76FF0E000DB373 /* creditline@3x.png */,
				D606098C1C76FF0E000DB373 /* creditCardInfo@2x.png */,
				D606098D1C76FF0E000DB373 /* creditCardInfo@3x.png */,
				D606098F1C76FF0E000DB373 /* go@2x.png */,
				D60609901C76FF0E000DB373 /* go@3x.png */,
				D60609921C76FF0E000DB373 /* logo@2x.png */,
				D60609931C76FF0E000DB373 /* logo@3x.png */,
				D60609951C76FF0E000DB373 /* qq@2x.png */,
				D60609961C76FF0E000DB373 /* qq@3x.png */,
				D60609981C76FF0E000DB373 /* qq空间@2x.png */,
				D60609991C76FF0E000DB373 /* qq空间@3x.png */,
			);
			path = Images;
			sourceTree = "<group>";
		};
		D6E1050F1C73219800049C3F /* Plist */ = {
			isa = PBXGroup;
			children = (
			);
			path = Plist;
			sourceTree = "<group>";
		};
		D6E105101C7321A000049C3F /* Vender */ = {
			isa = PBXGroup;
			children = (
			);
			path = Vender;
			sourceTree = "<group>";
		};
		D6E106131C73265700049C3F /* 借款 */ = {
			isa = PBXGroup;
			children = (
				D6E106571C747EBF00049C3F /* Model */,
				D6E106561C747EBA00049C3F /* View */,
				D6E106551C747EB300049C3F /* Controller */,
			);
			name = "借款";
			sourceTree = "<group>";
		};
		D6E106141C7327A100049C3F /* 还款 */ = {
			isa = PBXGroup;
			children = (
			);
			name = "还款";
			sourceTree = "<group>";
		};
		D6E106151C7327A600049C3F /* 我的 */ = {
			isa = PBXGroup;
			children = (
			);
			name = "我的";
			sourceTree = "<group>";
		};
		D6E106161C7327AC00049C3F /* 更多 */ = {
			isa = PBXGroup;
			children = (
			);
			name = "更多";
			sourceTree = "<group>";
		};
		D6E106541C747D0500049C3F /* 登录 */ = {
			isa = PBXGroup;
			children = (
				D6A0FB681C845C5C007D8DCB /* Model */,
				D6A0FB671C845C57007D8DCB /* View */,
				D6A0FB661C845C51007D8DCB /* Controller */,
			);
			name = "登录";
			sourceTree = "<group>";
		};
		D6E106551C747EB300049C3F /* Controller */ = {
			isa = PBXGroup;
			children = (
				D6060A291C770EFF000DB373 /* Deperated */,
				D6E106671C7488CE00049C3F /* ParentController */,
				D6E1065D1C74888200049C3F /* ActivityViewController.h */,
				D6E1065E1C74888200049C3F /* ActivityViewController.m */,
				D6E1065F1C74888200049C3F /* ActivityViewController.xib */,
				D6E106621C7488C700049C3F /* QueryViewController.h */,
				D6E106631C7488C700049C3F /* QueryViewController.m */,
				D6E106641C7488C700049C3F /* QueryViewController.xib */,
				D6060A241C770204000DB373 /* NewApplyViewController.h */,
				D6060A251C770204000DB373 /* NewApplyViewController.m */,
				D6060A261C770204000DB373 /* NewApplyViewController.xib */,
				D6F01DDA1C7C69D400EBC84E /* UpdateLoanInfo.h */,
				D6F01DDB1C7C69D400EBC84E /* UpdateLoanInfo.m */,
			);
			name = Controller;
			sourceTree = "<group>";
		};
		D6E106561C747EBA00049C3F /* View */ = {
			isa = PBXGroup;
			children = (
				D6E106581C747EEA00049C3F /* MMSegmentControl.h */,
				D6E106591C747EEA00049C3F /* MMSegmentControl.m */,
				D6060A311C77188E000DB373 /* HeaderView.h */,
				D6060A321C77188E000DB373 /* HeaderView.m */,
				D6060A341C77189C000DB373 /* HeaderView.xib */,
			);
			name = View;
			sourceTree = "<group>";
		};
		D6E106571C747EBF00049C3F /* Model */ = {
			isa = PBXGroup;
			children = (
			);
			name = Model;
			sourceTree = "<group>";
		};
		D6E106671C7488CE00049C3F /* ParentController */ = {
			isa = PBXGroup;
			children = (
				D6E106511C747CCE00049C3F /* LoanViewController.h */,
				D6E106521C747CCE00049C3F /* LoanViewController.m */,
				D6E1065C1C7480E100049C3F /* LoanHeader.h */,
			);
			name = ParentController;
			sourceTree = "<group>";
		};
		D6F5671D1C80048800B0612F /* TabbarImage */ = {
			isa = PBXGroup;
			children = (
				D6B692161C8D7A5B00B3877D /* mmd_logo@2x.png */,
				D6B692171C8D7A5B00B3877D /* mmd_logo@3x.png */,
				D6F5671E1C8004ED00B0612F /* 借款@2x.png */,
				D6F5671F1C8004ED00B0612F /* 借款@3x.png */,
				D6F567131C80047500B0612F /* 借款0@2x.png */,
				D6F567141C80047500B0612F /* 借款0@3x.png */,
				D6F567221C80054D00B0612F /* 还款@2x.png */,
				D6F567231C80054D00B0612F /* 还款@3x.png */,
				D6F5670F1C80047500B0612F /* 还款0@2x.png */,
				D6F567101C80047500B0612F /* 还款0@3x.png */,
				D606097D1C76FF0E000DB373 /* mine_off@2x.png */,
				D606097E1C76FF0E000DB373 /* mine_off@3x.png */,
				D6F567261C80055800B0612F /* 我的@2x.png */,
				D6F567271C80055800B0612F /* 我的@3x.png */,
				D6F5672A1C80056300B0612F /* 更多@2x.png */,
				D6F5672B1C80056300B0612F /* 更多@3x.png */,
				D60609291C76FF0E000DB373 /* 更多0@2x.png */,
				D606092A1C76FF0E000DB373 /* 更多0@3x.png */,
			);
			name = TabbarImage;
			sourceTree = "<group>";
		};
/* End PBXGroup section */

/* Begin PBXNativeTarget section */
		D6E104C01C7320FD00049C3F /* MMD */ = {
			isa = PBXNativeTarget;
			buildConfigurationList = D6E104F11C7320FD00049C3F /* Build configuration list for PBXNativeTarget "MMD" */;
			buildPhases = (
				A94055DF089F58A5874B8D2C /* Check Pods Manifest.lock */,
				D6E104BD1C7320FD00049C3F /* Sources */,
				D6E104BE1C7320FD00049C3F /* Frameworks */,
				D6E104BF1C7320FD00049C3F /* Resources */,
				2F2D309F5BD7B67E211BDE1B /* Embed Pods Frameworks */,
				5FE524DFCA85256872CD0983 /* Copy Pods Resources */,
			);
			buildRules = (
			);
			dependencies = (
			);
			name = MMD;
			productName = MMD;
			productReference = D6E104C11C7320FD00049C3F /* MMD.app */;
			productType = "com.apple.product-type.application";
		};
		D6E104DC1C7320FD00049C3F /* MMDTests */ = {
			isa = PBXNativeTarget;
			buildConfigurationList = D6E104F41C7320FD00049C3F /* Build configuration list for PBXNativeTarget "MMDTests" */;
			buildPhases = (
				D6E104D91C7320FD00049C3F /* Sources */,
				D6E104DA1C7320FD00049C3F /* Frameworks */,
				D6E104DB1C7320FD00049C3F /* Resources */,
			);
			buildRules = (
			);
			dependencies = (
				D6E104DF1C7320FD00049C3F /* PBXTargetDependency */,
			);
			name = MMDTests;
			productName = MMDTests;
			productReference = D6E104DD1C7320FD00049C3F /* MMDTests.xctest */;
			productType = "com.apple.product-type.bundle.unit-test";
		};
		D6E104E71C7320FD00049C3F /* MMDUITests */ = {
			isa = PBXNativeTarget;
			buildConfigurationList = D6E104F71C7320FD00049C3F /* Build configuration list for PBXNativeTarget "MMDUITests" */;
			buildPhases = (
				D6E104E41C7320FD00049C3F /* Sources */,
				D6E104E51C7320FD00049C3F /* Frameworks */,
				D6E104E61C7320FD00049C3F /* Resources */,
			);
			buildRules = (
			);
			dependencies = (
				D6E104EA1C7320FD00049C3F /* PBXTargetDependency */,
			);
			name = MMDUITests;
			productName = MMDUITests;
			productReference = D6E104E81C7320FD00049C3F /* MMDUITests.xctest */;
			productType = "com.apple.product-type.bundle.ui-testing";
		};
/* End PBXNativeTarget section */

/* Begin PBXProject section */
		D6E104B91C7320FD00049C3F /* Project object */ = {
			isa = PBXProject;
			attributes = {
				LastUpgradeCheck = 0720;
				ORGANIZATIONNAME = "Eric.Co.,Ltd";
				TargetAttributes = {
					D6E104C01C7320FD00049C3F = {
						CreatedOnToolsVersion = 7.2;
					};
					D6E104DC1C7320FD00049C3F = {
						CreatedOnToolsVersion = 7.2;
						TestTargetID = D6E104C01C7320FD00049C3F;
					};
					D6E104E71C7320FD00049C3F = {
						CreatedOnToolsVersion = 7.2;
						TestTargetID = D6E104C01C7320FD00049C3F;
					};
				};
			};
			buildConfigurationList = D6E104BC1C7320FD00049C3F /* Build configuration list for PBXProject "MMD" */;
			compatibilityVersion = "Xcode 3.2";
			developmentRegion = English;
			hasScannedForEncodings = 0;
			knownRegions = (
				en,
				Base,
			);
			mainGroup = D6E104B81C7320FD00049C3F;
			productRefGroup = D6E104C21C7320FD00049C3F /* Products */;
			projectDirPath = "";
			projectRoot = "";
			targets = (
				D6E104C01C7320FD00049C3F /* MMD */,
				D6E104DC1C7320FD00049C3F /* MMDTests */,
				D6E104E71C7320FD00049C3F /* MMDUITests */,
			);
		};
/* End PBXProject section */

/* Begin PBXResourcesBuildPhase section */
		D6E104BF1C7320FD00049C3F /* Resources */ = {
			isa = PBXResourcesBuildPhase;
			buildActionMask = 2147483647;
			files = (
				D60609C61C76FF0E000DB373 /* 还款须知@3x.png in Resources */,
				D60609A11C76FF0E000DB373 /* 步骤0@2x.png in Resources */,
				D60609F21C76FF0E000DB373 /* addPic@2x.png in Resources */,
				D6E104D71C7320FD00049C3F /* LaunchScreen.storyboard in Resources */,
				D6F5671C1C80047500B0612F /* 借款0@3x.png in Resources */,
				D6A0FB741C8464BD007D8DCB /* RegisterViewController.xib in Resources */,
				D6F01DE81C7C6BFA00EBC84E /* add@3x.png in Resources */,
				D6060A351C77189C000DB373 /* HeaderView.xib in Resources */,
				D60609EC1C76FF0E000DB373 /* phoneNumber@2x.png in Resources */,
				D60609E71C76FF0E000DB373 /* friendsCircle@3x.png in Resources */,
				D60609B91C76FF0E000DB373 /* 工作信息@2x.png in Resources */,
				D60609FE1C76FF0E000DB373 /* wechat@2x.png in Resources */,
				D6060A1F1C76FF0E000DB373 /* qq@2x.png in Resources */,
				D6F567291C80055800B0612F /* 我的@3x.png in Resources */,
				D6060A021C76FF0E000DB373 /* folder@3x.png in Resources */,
				D6060A0B1C76FF0E000DB373 /* pullDown@3x.png in Resources */,
				D6060A1D1C76FF0E000DB373 /* logo@3x.png in Resources */,
				D60609D71C76FF0E000DB373 /* 借款须知@2x.png in Resources */,
				D6F01DEA1C7C6BFA00EBC84E /* minus_press@3x.png in Resources */,
				D60609DD1C76FF0E000DB373 /* visible@2x.png in Resources */,
				D60609E11C76FF0E000DB373 /* no_visible@3x.png in Resources */,
				D606099B1C76FF0E000DB373 /* 补充附件@2x.png in Resources */,
				D60609AD1C76FF0E000DB373 /* 分享@2x.png in Resources */,
				D60609BC1C76FF0E000DB373 /* 关于@2x.png in Resources */,
				D6F567281C80055800B0612F /* 我的@2x.png in Resources */,
				D60609B31C76FF0E000DB373 /* 更多0@2x.png in Resources */,
				D6060A1C1C76FF0E000DB373 /* logo@2x.png in Resources */,
				D60609BA1C76FF0E000DB373 /* 工作信息@3x.png in Resources */,
				D6060A111C76FF0E000DB373 /* creditlevel@3x.png in Resources */,
				D6F5672D1C80056300B0612F /* 更多@3x.png in Resources */,
				D60609E31C76FF0E000DB373 /* contact@2x.png in Resources */,
				D606099F1C76FF0E000DB373 /* 步骤@3x.png in Resources */,
				D6F567251C80054D00B0612F /* 还款@3x.png in Resources */,
				D60609F51C76FF0E000DB373 /* approve_on@2x.png in Resources */,
				D6F01DE71C7C6BFA00EBC84E /* add@2x.png in Resources */,
				D6F01DE61C7C6BFA00EBC84E /* add_press@3x.png in Resources */,
				D6060A221C76FF0E000DB373 /* qq空间@2x.png in Resources */,
				D60609A81C76FF0E000DB373 /* 电话图标@3x.png in Resources */,
				D6F01DE51C7C6BFA00EBC84E /* add_press@2x.png in Resources */,
				D60609DE1C76FF0E000DB373 /* visible@3x.png in Resources */,
				D60609AB1C76FF0E000DB373 /* 返回@3x.png in Resources */,
				D60609D81C76FF0E000DB373 /* 借款须知@3x.png in Resources */,
				D6E106661C7488C700049C3F /* QueryViewController.xib in Resources */,
				D6B692191C8D7A5B00B3877D /* mmd_logo@3x.png in Resources */,
				D60609E61C76FF0E000DB373 /* friendsCircle@2x.png in Resources */,
				D60609B61C76FF0E000DB373 /* 更改密码@2x.png in Resources */,
				D60609CF1C76FF0E000DB373 /* 检查更新@3x.png in Resources */,
				D6060A0D1C76FF0E000DB373 /* notificationCenter@2x.png in Resources */,
				D6B692181C8D7A5B00B3877D /* mmd_logo@2x.png in Resources */,
				D60609E91C76FF0E000DB373 /* IDInfo@2x.png in Resources */,
				D6E104D41C7320FD00049C3F /* Assets.xcassets in Resources */,
				D6060A081C76FF0E000DB373 /* mine_off@3x.png in Resources */,
				D60609A71C76FF0E000DB373 /* 电话图标@2x.png in Resources */,
				D60609ED1C76FF0E000DB373 /* phoneNumber@3x.png in Resources */,
				D6060A0A1C76FF0E000DB373 /* pullDown@2x.png in Resources */,
				D6060A161C76FF0E000DB373 /* creditCardInfo@2x.png in Resources */,
				D60609EA1C76FF0E000DB373 /* IDInfo@3x.png in Resources */,
				D6060A071C76FF0E000DB373 /* mine_off@2x.png in Resources */,
				D6E104CF1C7320FD00049C3F /* Main.storyboard in Resources */,
				D60609AA1C76FF0E000DB373 /* 返回@2x.png in Resources */,
				D6F567211C8004ED00B0612F /* 借款@3x.png in Resources */,
				D60609B71C76FF0E000DB373 /* 更改密码@3x.png in Resources */,
				D60609C81C76FF0E000DB373 /* 还款页面go@2x.png in Resources */,
				D6F01DE91C7C6BFA00EBC84E /* minus_press@2x.png in Resources */,
				D60609FB1C76FF0E000DB373 /* weibo@2x.png in Resources */,
				D60609FC1C76FF0E000DB373 /* weibo@3x.png in Resources */,
				D60609E41C76FF0E000DB373 /* contact@3x.png in Resources */,
				D6F5671B1C80047500B0612F /* 借款0@2x.png in Resources */,
				D60609A21C76FF0E000DB373 /* 步骤0@3x.png in Resources */,
				D6F567171C80047500B0612F /* 还款0@2x.png in Resources */,
				D60609CC1C76FF0E000DB373 /* 好评@3x.png in Resources */,
				D6060A1A1C76FF0E000DB373 /* go@3x.png in Resources */,
				D6E106611C74888200049C3F /* ActivityViewController.xib in Resources */,
				D60609FF1C76FF0E000DB373 /* wechat@3x.png in Resources */,
				D60609E01C76FF0E000DB373 /* no_visible@2x.png in Resources */,
				D60609C51C76FF0E000DB373 /* 还款须知@2x.png in Resources */,
				D60609F61C76FF0E000DB373 /* approve_on@3x.png in Resources */,
				D60609F31C76FF0E000DB373 /* addPic@3x.png in Resources */,
				D6F567201C8004ED00B0612F /* 借款@2x.png in Resources */,
				D6F01DEC1C7C6BFA00EBC84E /* minus@3x.png in Resources */,
				D60609B41C76FF0E000DB373 /* 更多0@3x.png in Resources */,
				D6F567181C80047500B0612F /* 还款0@3x.png in Resources */,
				D6060A0E1C76FF0E000DB373 /* notificationCenter@3x.png in Resources */,
				D6060A191C76FF0E000DB373 /* go@2x.png in Resources */,
				D6F01DEB1C7C6BFA00EBC84E /* minus@2x.png in Resources */,
				D60609DA1C76FF0E000DB373 /* recommend@2x.png in Resources */,
				D6060A011C76FF0E000DB373 /* folder@2x.png in Resources */,
				D6060A101C76FF0E000DB373 /* creditlevel@2x.png in Resources */,
				D60609F91C76FF0E000DB373 /* approve_off@3x.png in Resources */,
				D606099E1C76FF0E000DB373 /* 步骤@2x.png in Resources */,
				D60609F01C76FF0E000DB373 /* txweibo@3x.png in Resources */,
				D6060A231C76FF0E000DB373 /* qq空间@3x.png in Resources */,
				D6060A131C76FF0E000DB373 /* creditline@2x.png in Resources */,
				D60609CB1C76FF0E000DB373 /* 好评@2x.png in Resources */,
				D60609C91C76FF0E000DB373 /* 还款页面go@3x.png in Resources */,
				D6F5672C1C80056300B0612F /* 更多@2x.png in Resources */,
				D6060A171C76FF0E000DB373 /* creditCardInfo@3x.png in Resources */,
				D60609AE1C76FF0E000DB373 /* 分享@3x.png in Resources */,
				D6060A141C76FF0E000DB373 /* creditline@3x.png in Resources */,
				D6060A201C76FF0E000DB373 /* qq@3x.png in Resources */,
				D606099C1C76FF0E000DB373 /* 补充附件@3x.png in Resources */,
				D60609BD1C76FF0E000DB373 /* 关于@3x.png in Resources */,
				D60609A51C76FF0E000DB373 /* 持证牌照信息@3x.png in Resources */,
				D60609DB1C76FF0E000DB373 /* recommend@3x.png in Resources */,
				D6E1066C1C74893900049C3F /* ApplyViewController.xib in Resources */,
				D6E1061B1C73293000049C3F /* MMLogViewController.xib in Resources */,
				D6060A281C770204000DB373 /* NewApplyViewController.xib in Resources */,
				D60609A41C76FF0E000DB373 /* 持证牌照信息@2x.png in Resources */,
				D60609CE1C76FF0E000DB373 /* 检查更新@2x.png in Resources */,
				D60609F81C76FF0E000DB373 /* approve_off@2x.png in Resources */,
				D60609EF1C76FF0E000DB373 /* txweibo@2x.png in Resources */,
				D6F567241C80054D00B0612F /* 还款@2x.png in Resources */,
			);
			runOnlyForDeploymentPostprocessing = 0;
		};
		D6E104DB1C7320FD00049C3F /* Resources */ = {
			isa = PBXResourcesBuildPhase;
			buildActionMask = 2147483647;
			files = (
			);
			runOnlyForDeploymentPostprocessing = 0;
		};
		D6E104E61C7320FD00049C3F /* Resources */ = {
			isa = PBXResourcesBuildPhase;
			buildActionMask = 2147483647;
			files = (
			);
			runOnlyForDeploymentPostprocessing = 0;
		};
/* End PBXResourcesBuildPhase section */

/* Begin PBXShellScriptBuildPhase section */
		2F2D309F5BD7B67E211BDE1B /* Embed Pods Frameworks */ = {
			isa = PBXShellScriptBuildPhase;
			buildActionMask = 2147483647;
			files = (
			);
			inputPaths = (
			);
			name = "Embed Pods Frameworks";
			outputPaths = (
			);
			runOnlyForDeploymentPostprocessing = 0;
			shellPath = /bin/sh;
			shellScript = "\"${SRCROOT}/Pods/Target Support Files/Pods-MMD/Pods-MMD-frameworks.sh\"\n";
			showEnvVarsInLog = 0;
		};
		5FE524DFCA85256872CD0983 /* Copy Pods Resources */ = {
			isa = PBXShellScriptBuildPhase;
			buildActionMask = 2147483647;
			files = (
			);
			inputPaths = (
			);
			name = "Copy Pods Resources";
			outputPaths = (
			);
			runOnlyForDeploymentPostprocessing = 0;
			shellPath = /bin/sh;
			shellScript = "\"${SRCROOT}/Pods/Target Support Files/Pods-MMD/Pods-MMD-resources.sh\"\n";
			showEnvVarsInLog = 0;
		};
		A94055DF089F58A5874B8D2C /* Check Pods Manifest.lock */ = {
			isa = PBXShellScriptBuildPhase;
			buildActionMask = 2147483647;
			files = (
			);
			inputPaths = (
			);
			name = "Check Pods Manifest.lock";
			outputPaths = (
			);
			runOnlyForDeploymentPostprocessing = 0;
			shellPath = /bin/sh;
			shellScript = "diff \"${PODS_ROOT}/../Podfile.lock\" \"${PODS_ROOT}/Manifest.lock\" > /dev/null\nif [[ $? != 0 ]] ; then\n    cat << EOM\nerror: The sandbox is not in sync with the Podfile.lock. Run 'pod install' or update your CocoaPods installation.\nEOM\n    exit 1\nfi\n";
			showEnvVarsInLog = 0;
		};
/* End PBXShellScriptBuildPhase section */

/* Begin PBXSourcesBuildPhase section */
		D6E104BD1C7320FD00049C3F /* Sources */ = {
			isa = PBXSourcesBuildPhase;
			buildActionMask = 2147483647;
			files = (
				D6DD24A31C87439C0042E263 /* RegisterModel.m in Sources */,
				D6E1065A1C747EEA00049C3F /* MMSegmentControl.m in Sources */,
				D6E105021C73217C00049C3F /* MMTabbarController.m in Sources */,
				D6A0FB731C8464BD007D8DCB /* RegisterViewController.m in Sources */,
				D6E104C91C7320FD00049C3F /* AppDelegate.m in Sources */,
				D6E106531C747CCE00049C3F /* LoanViewController.m in Sources */,
				D6E104D21C7320FD00049C3F /* MMD.xcdatamodeld in Sources */,
				D6E105011C73217C00049C3F /* MMTabbar.m in Sources */,
				D6E104C61C7320FD00049C3F /* main.m in Sources */,
				D6060A381C771F3E000DB373 /* UIView+LoadViewFromNib.m in Sources */,
				D6E1066B1C74893900049C3F /* ApplyViewController.m in Sources */,
				D6060A331C77188E000DB373 /* HeaderView.m in Sources */,
				D6EA01F81C8695FC00EE0E2E /* RegisterItem.m in Sources */,
				D6F01DDC1C7C69D400EBC84E /* UpdateLoanInfo.m in Sources */,
				D6EA01FB1C86984500EE0E2E /* LimitInputWords.m in Sources */,
				D6E106651C7488C700049C3F /* QueryViewController.m in Sources */,
				D6060A2F1C771329000DB373 /* UIImage+Color.m in Sources */,
				D6060A2C1C770F5E000DB373 /* BaseNavgationController.m in Sources */,
				D6060A271C770204000DB373 /* NewApplyViewController.m in Sources */,
				D606090C1C76FB4B000DB373 /* MMRequest.m in Sources */,
				D6E106601C74888200049C3F /* ActivityViewController.m in Sources */,
				D6A0FB6B1C845C93007D8DCB /* MMDUser.m in Sources */,
				D6E1061A1C73293000049C3F /* MMLogViewController.m in Sources */,
				D6A0FB651C8459C0007D8DCB /* checkoutPhoneNumber.m in Sources */,
			);
			runOnlyForDeploymentPostprocessing = 0;
		};
		D6E104D91C7320FD00049C3F /* Sources */ = {
			isa = PBXSourcesBuildPhase;
			buildActionMask = 2147483647;
			files = (
				D6E104E21C7320FD00049C3F /* MMDTests.m in Sources */,
			);
			runOnlyForDeploymentPostprocessing = 0;
		};
		D6E104E41C7320FD00049C3F /* Sources */ = {
			isa = PBXSourcesBuildPhase;
			buildActionMask = 2147483647;
			files = (
				D6E104ED1C7320FD00049C3F /* MMDUITests.m in Sources */,
			);
			runOnlyForDeploymentPostprocessing = 0;
		};
/* End PBXSourcesBuildPhase section */

/* Begin PBXTargetDependency section */
		D6E104DF1C7320FD00049C3F /* PBXTargetDependency */ = {
			isa = PBXTargetDependency;
			target = D6E104C01C7320FD00049C3F /* MMD */;
			targetProxy = D6E104DE1C7320FD00049C3F /* PBXContainerItemProxy */;
		};
		D6E104EA1C7320FD00049C3F /* PBXTargetDependency */ = {
			isa = PBXTargetDependency;
			target = D6E104C01C7320FD00049C3F /* MMD */;
			targetProxy = D6E104E91C7320FD00049C3F /* PBXContainerItemProxy */;
		};
/* End PBXTargetDependency section */

/* Begin PBXVariantGroup section */
		D6E104CD1C7320FD00049C3F /* Main.storyboard */ = {
			isa = PBXVariantGroup;
			children = (
				D6E104CE1C7320FD00049C3F /* Base */,
			);
			name = Main.storyboard;
			sourceTree = "<group>";
		};
		D6E104D51C7320FD00049C3F /* LaunchScreen.storyboard */ = {
			isa = PBXVariantGroup;
			children = (
				D6E104D61C7320FD00049C3F /* Base */,
			);
			name = LaunchScreen.storyboard;
			sourceTree = "<group>";
		};
/* End PBXVariantGroup section */

/* Begin XCBuildConfiguration section */
		D6E104EF1C7320FD00049C3F /* Debug */ = {
			isa = XCBuildConfiguration;
			buildSettings = {
				ALWAYS_SEARCH_USER_PATHS = NO;
				CLANG_CXX_LANGUAGE_STANDARD = "gnu++0x";
				CLANG_CXX_LIBRARY = "libc++";
				CLANG_ENABLE_MODULES = YES;
				CLANG_ENABLE_OBJC_ARC = YES;
				CLANG_WARN_BOOL_CONVERSION = YES;
				CLANG_WARN_CONSTANT_CONVERSION = YES;
				CLANG_WARN_DIRECT_OBJC_ISA_USAGE = YES_ERROR;
				CLANG_WARN_EMPTY_BODY = YES;
				CLANG_WARN_ENUM_CONVERSION = YES;
				CLANG_WARN_INT_CONVERSION = YES;
				CLANG_WARN_OBJC_ROOT_CLASS = YES_ERROR;
				CLANG_WARN_UNREACHABLE_CODE = YES;
				CLANG_WARN__DUPLICATE_METHOD_MATCH = YES;
				"CODE_SIGN_IDENTITY[sdk=iphoneos*]" = "iPhone Developer";
				COPY_PHASE_STRIP = NO;
				DEBUG_INFORMATION_FORMAT = dwarf;
				ENABLE_STRICT_OBJC_MSGSEND = YES;
				ENABLE_TESTABILITY = YES;
				GCC_C_LANGUAGE_STANDARD = gnu99;
				GCC_DYNAMIC_NO_PIC = NO;
				GCC_NO_COMMON_BLOCKS = YES;
				GCC_OPTIMIZATION_LEVEL = 0;
				GCC_PRECOMPILE_PREFIX_HEADER = YES;
				GCC_PREPROCESSOR_DEFINITIONS = (
					"DEBUG=1",
					"$(inherited)",
				);
				GCC_WARN_64_TO_32_BIT_CONVERSION = YES;
				GCC_WARN_ABOUT_RETURN_TYPE = YES_ERROR;
				GCC_WARN_UNDECLARED_SELECTOR = YES;
				GCC_WARN_UNINITIALIZED_AUTOS = YES_AGGRESSIVE;
				GCC_WARN_UNUSED_FUNCTION = YES;
				GCC_WARN_UNUSED_VARIABLE = YES;
				IPHONEOS_DEPLOYMENT_TARGET = 9.0;
				MTL_ENABLE_DEBUG_INFO = YES;
				ONLY_ACTIVE_ARCH = YES;
				SDKROOT = iphoneos;
			};
			name = Debug;
		};
		D6E104F01C7320FD00049C3F /* Release */ = {
			isa = XCBuildConfiguration;
			buildSettings = {
				ALWAYS_SEARCH_USER_PATHS = NO;
				CLANG_CXX_LANGUAGE_STANDARD = "gnu++0x";
				CLANG_CXX_LIBRARY = "libc++";
				CLANG_ENABLE_MODULES = YES;
				CLANG_ENABLE_OBJC_ARC = YES;
				CLANG_WARN_BOOL_CONVERSION = YES;
				CLANG_WARN_CONSTANT_CONVERSION = YES;
				CLANG_WARN_DIRECT_OBJC_ISA_USAGE = YES_ERROR;
				CLANG_WARN_EMPTY_BODY = YES;
				CLANG_WARN_ENUM_CONVERSION = YES;
				CLANG_WARN_INT_CONVERSION = YES;
				CLANG_WARN_OBJC_ROOT_CLASS = YES_ERROR;
				CLANG_WARN_UNREACHABLE_CODE = YES;
				CLANG_WARN__DUPLICATE_METHOD_MATCH = YES;
				"CODE_SIGN_IDENTITY[sdk=iphoneos*]" = "iPhone Developer";
				COPY_PHASE_STRIP = NO;
				DEBUG_INFORMATION_FORMAT = "dwarf-with-dsym";
				ENABLE_NS_ASSERTIONS = NO;
				ENABLE_STRICT_OBJC_MSGSEND = YES;
				GCC_C_LANGUAGE_STANDARD = gnu99;
				GCC_NO_COMMON_BLOCKS = YES;
				GCC_PRECOMPILE_PREFIX_HEADER = YES;
				GCC_WARN_64_TO_32_BIT_CONVERSION = YES;
				GCC_WARN_ABOUT_RETURN_TYPE = YES_ERROR;
				GCC_WARN_UNDECLARED_SELECTOR = YES;
				GCC_WARN_UNINITIALIZED_AUTOS = YES_AGGRESSIVE;
				GCC_WARN_UNUSED_FUNCTION = YES;
				GCC_WARN_UNUSED_VARIABLE = YES;
				IPHONEOS_DEPLOYMENT_TARGET = 9.0;
				MTL_ENABLE_DEBUG_INFO = NO;
				SDKROOT = iphoneos;
				VALIDATE_PRODUCT = YES;
			};
			name = Release;
		};
		D6E104F21C7320FD00049C3F /* Debug */ = {
			isa = XCBuildConfiguration;
			baseConfigurationReference = 7B9823A9F698276E5762BEEE /* Pods-MMD.debug.xcconfig */;
			buildSettings = {
				ASSETCATALOG_COMPILER_APPICON_NAME = AppIcon;
				GCC_PRECOMPILE_PREFIX_HEADER = YES;
				GCC_PREFIX_HEADER = "$(SRCROOT)/MMD/MMDPrefixHeader.pch";
				INFOPLIST_FILE = MMD/Info.plist;
				LD_RUNPATH_SEARCH_PATHS = "$(inherited) @executable_path/Frameworks";
				PRODUCT_BUNDLE_IDENTIFIER = MMD.com.MMD;
				PRODUCT_NAME = "$(TARGET_NAME)";
			};
			name = Debug;
		};
		D6E104F31C7320FD00049C3F /* Release */ = {
			isa = XCBuildConfiguration;
			baseConfigurationReference = 197FE7C65B5A58A153BD57BD /* Pods-MMD.release.xcconfig */;
			buildSettings = {
				ASSETCATALOG_COMPILER_APPICON_NAME = AppIcon;
				GCC_PRECOMPILE_PREFIX_HEADER = YES;
				GCC_PREFIX_HEADER = "$(SRCROOT)/MMD/MMDPrefixHeader.pch";
				INFOPLIST_FILE = MMD/Info.plist;
				LD_RUNPATH_SEARCH_PATHS = "$(inherited) @executable_path/Frameworks";
				PRODUCT_BUNDLE_IDENTIFIER = MMD.com.MMD;
				PRODUCT_NAME = "$(TARGET_NAME)";
			};
			name = Release;
		};
		D6E104F51C7320FD00049C3F /* Debug */ = {
			isa = XCBuildConfiguration;
			buildSettings = {
				BUNDLE_LOADER = "$(TEST_HOST)";
				INFOPLIST_FILE = MMDTests/Info.plist;
				LD_RUNPATH_SEARCH_PATHS = "$(inherited) @executable_path/Frameworks @loader_path/Frameworks";
				PRODUCT_BUNDLE_IDENTIFIER = MMD.com.MMDTests;
				PRODUCT_NAME = "$(TARGET_NAME)";
				TEST_HOST = "$(BUILT_PRODUCTS_DIR)/MMD.app/MMD";
			};
			name = Debug;
		};
		D6E104F61C7320FD00049C3F /* Release */ = {
			isa = XCBuildConfiguration;
			buildSettings = {
				BUNDLE_LOADER = "$(TEST_HOST)";
				INFOPLIST_FILE = MMDTests/Info.plist;
				LD_RUNPATH_SEARCH_PATHS = "$(inherited) @executable_path/Frameworks @loader_path/Frameworks";
				PRODUCT_BUNDLE_IDENTIFIER = MMD.com.MMDTests;
				PRODUCT_NAME = "$(TARGET_NAME)";
				TEST_HOST = "$(BUILT_PRODUCTS_DIR)/MMD.app/MMD";
			};
			name = Release;
		};
		D6E104F81C7320FD00049C3F /* Debug */ = {
			isa = XCBuildConfiguration;
			buildSettings = {
				INFOPLIST_FILE = MMDUITests/Info.plist;
				LD_RUNPATH_SEARCH_PATHS = "$(inherited) @executable_path/Frameworks @loader_path/Frameworks";
				PRODUCT_BUNDLE_IDENTIFIER = MMD.com.MMDUITests;
				PRODUCT_NAME = "$(TARGET_NAME)";
				TEST_TARGET_NAME = MMD;
				USES_XCTRUNNER = YES;
			};
			name = Debug;
		};
		D6E104F91C7320FD00049C3F /* Release */ = {
			isa = XCBuildConfiguration;
			buildSettings = {
				INFOPLIST_FILE = MMDUITests/Info.plist;
				LD_RUNPATH_SEARCH_PATHS = "$(inherited) @executable_path/Frameworks @loader_path/Frameworks";
				PRODUCT_BUNDLE_IDENTIFIER = MMD.com.MMDUITests;
				PRODUCT_NAME = "$(TARGET_NAME)";
				TEST_TARGET_NAME = MMD;
				USES_XCTRUNNER = YES;
			};
			name = Release;
		};
/* End XCBuildConfiguration section */

/* Begin XCConfigurationList section */
		D6E104BC1C7320FD00049C3F /* Build configuration list for PBXProject "MMD" */ = {
			isa = XCConfigurationList;
			buildConfigurations = (
				D6E104EF1C7320FD00049C3F /* Debug */,
				D6E104F01C7320FD00049C3F /* Release */,
			);
			defaultConfigurationIsVisible = 0;
			defaultConfigurationName = Release;
		};
		D6E104F11C7320FD00049C3F /* Build configuration list for PBXNativeTarget "MMD" */ = {
			isa = XCConfigurationList;
			buildConfigurations = (
				D6E104F21C7320FD00049C3F /* Debug */,
				D6E104F31C7320FD00049C3F /* Release */,
			);
			defaultConfigurationIsVisible = 0;
			defaultConfigurationName = Release;
		};
		D6E104F41C7320FD00049C3F /* Build configuration list for PBXNativeTarget "MMDTests" */ = {
			isa = XCConfigurationList;
			buildConfigurations = (
				D6E104F51C7320FD00049C3F /* Debug */,
				D6E104F61C7320FD00049C3F /* Release */,
			);
			defaultConfigurationIsVisible = 0;
			defaultConfigurationName = Release;
		};
		D6E104F71C7320FD00049C3F /* Build configuration list for PBXNativeTarget "MMDUITests" */ = {
			isa = XCConfigurationList;
			buildConfigurations = (
				D6E104F81C7320FD00049C3F /* Debug */,
				D6E104F91C7320FD00049C3F /* Release */,
			);
			defaultConfigurationIsVisible = 0;
			defaultConfigurationName = Release;
		};
/* End XCConfigurationList section */

/* Begin XCVersionGroup section */
		D6E104D01C7320FD00049C3F /* MMD.xcdatamodeld */ = {
			isa = XCVersionGroup;
			children = (
				D6E104D11C7320FD00049C3F /* MMD.xcdatamodel */,
			);
			currentVersion = D6E104D11C7320FD00049C3F /* MMD.xcdatamodel */;
			path = MMD.xcdatamodeld;
			sourceTree = "<group>";
			versionGroupType = wrapper.xcdatamodel;
		};
/* End XCVersionGroup section */
	};
	rootObject = D6E104B91C7320FD00049C3F /* Project object */;
}
